
Microsoft Visual Studio Solution File, Format Version 12.00
# Visual Studio Version 16
VisualStudioVersion = 16.0.30907.101
MinimumVisualStudioVersion = 10.0.40219.1
Project("{FAE04EC0-301F-11D3-BF4B-00C04F79EFBC}") = "01SBCS", "SBCS\01SBCS.csproj", "{36195CC5-742E-40F7-A6A3-7E58D83AA1DB}"
EndProject
Project("{FAE04EC0-301F-11D3-BF4B-00C04F79EFBC}") = "02기본구조", "02기본구조\02기본구조.csproj", "{17D3CCD5-E688-4411-B177-8766C93EE833}"
EndProject
Project("{FAE04EC0-301F-11D3-BF4B-00C04F79EFBC}") = "03_01DataType", "03DataType\03_01DataType.csproj", "{5A15C88F-5892-4704-86B3-8C531D03C11B}"
EndProject
Project("{FAE04EC0-301F-11D3-BF4B-00C04F79EFBC}") = "03_02데이터변환", "03_02데이터변환\03_02데이터변환.csproj", "{35059C2C-7953-4FF9-8109-6152FA9EB6B8}"
EndProject
Project("{FAE04EC0-301F-11D3-BF4B-00C04F79EFBC}") = "03_03표준입력", "03_03표준입력\03_03표준입력.csproj", "{23F9A333-4417-4D46-ACC4-C665028DB3FF}"
EndProject
Project("{FAE04EC0-301F-11D3-BF4B-00C04F79EFBC}") = "03_04사용자지정형(!)", "03_04사용자지정형\03_04사용자지정형(!).csproj", "{EA1D9A60-8233-4465-A901-06B8EB42202F}"
EndProject
Project("{FAE04EC0-301F-11D3-BF4B-00C04F79EFBC}") = "외전_재귀함수_하노이탑", "외전_재귀함수_하노이탑\외전_재귀함수_하노이탑.csproj", "{C43C48C0-0F73-43AA-89BC-C82C2402694A}"
EndProject
Project("{FAE04EC0-301F-11D3-BF4B-00C04F79EFBC}") = "04기본문법", "04기본문법\04기본문법.csproj", "{FF737BEE-15E7-46D9-9AA2-00FCF7B76D39}"
EndProject
Project("{FAE04EC0-301F-11D3-BF4B-00C04F79EFBC}") = "04기본문법_제어문", "04기본문법_제어문\04기본문법_제어문.csproj", "{D21E2639-A470-46E7-B8D9-7F5053B0E0FA}"
EndProject
Project("{FAE04EC0-301F-11D3-BF4B-00C04F79EFBC}") = "05Array_01", "05Array_01\05Array_01.csproj", "{DC9AFB47-348F-4CBF-8E00-23FE985C211A}"
EndProject
Project("{FAE04EC0-301F-11D3-BF4B-00C04F79EFBC}") = "05Array_가변", "05Array_가변\05Array_가변.csproj", "{FA9F341E-FAA1-42C6-99B8-693A55C3D471}"
EndProject
Project("{FAE04EC0-301F-11D3-BF4B-00C04F79EFBC}") = "05Array_함수", "05Array_함수\05Array_함수.csproj", "{88138947-C941-4C15-98DA-9CE6C8161AE1}"
EndProject
Project("{FAE04EC0-301F-11D3-BF4B-00C04F79EFBC}") = "05Array_Method", "05Array_Method\05Array_Method.csproj", "{BEC3D8E4-1BCC-4D7B-B5D2-2BA37F005E99}"
EndProject
Project("{FAE04EC0-301F-11D3-BF4B-00C04F79EFBC}") = "06파일입출력", "06파일입출력\06파일입출력.csproj", "{5BD94728-E543-4013-96E2-1110F87D896A}"
EndProject
Project("{FAE04EC0-301F-11D3-BF4B-00C04F79EFBC}") = "06파일입출력_00Split", "06파일입출력_데이터분리\06파일입출력_00Split.csproj", "{35AD22CE-E92D-4DC5-9E21-E2A04B62C753}"
EndProject
Project("{FAE04EC0-301F-11D3-BF4B-00C04F79EFBC}") = "06파일입출력_01Binary", "06파일입출력_바이너리\06파일입출력_01Binary.csproj", "{4301A0A0-A226-4CD1-A4D4-4487829E22FD}"
EndProject
Project("{FAE04EC0-301F-11D3-BF4B-00C04F79EFBC}") = "06파일입출력_02Serialize", "06파일입출력_02직렬화\06파일입출력_02Serialize.csproj", "{1288F98F-5AE4-47AB-AFDB-07AEF722C220}"
EndProject
Project("{FAE04EC0-301F-11D3-BF4B-00C04F79EFBC}") = "07Project_스마트밥솥00", "07Project_스마트밥솥\07Project_스마트밥솥00.csproj", "{62DC0DF1-3A49-4481-8F52-CB6DD39F5D54}"
EndProject
Project("{FAE04EC0-301F-11D3-BF4B-00C04F79EFBC}") = "07Project_스마트밥솥01", "07Project_스마트밥솥01\07Project_스마트밥솥01.csproj", "{7E74E0C4-FF6C-4E6A-8124-BD6884A1DE6E}"
EndProject
Project("{FAE04EC0-301F-11D3-BF4B-00C04F79EFBC}") = "08+09Class+Property,Indexer", "08Class\08+09Class+Property,Indexer.csproj", "{AD69EA07-8E57-4DAB-8E00-CAA758CC675A}"
EndProject
Project("{FAE04EC0-301F-11D3-BF4B-00C04F79EFBC}") = "10Array_Property_Indexer비교", "10Array_Property_Indexer비교\10Array_Property_Indexer비교.csproj", "{1AF7F66A-FEA4-4242-AFC4-95A3B8F5A1ED}"
EndProject
Project("{FAE04EC0-301F-11D3-BF4B-00C04F79EFBC}") = "11Deligate_Event00Deligate", "11Deligate_Event\11Deligate_Event00Deligate.csproj", "{C73D8BF2-E9EA-416F-9761-14E7E73C1DA5}"
EndProject
Project("{FAE04EC0-301F-11D3-BF4B-00C04F79EFBC}") = "추가공부_ArrayList_제네릭", "추가공부_ArrayList_제네릭\추가공부_ArrayList_제네릭.csproj", "{460FD831-52B9-496C-8BE1-FE3EA4F7552B}"
EndProject
Project("{FAE04EC0-301F-11D3-BF4B-00C04F79EFBC}") = "11Deligate_Event01Event", "11Deligate_Event01Event\11Deligate_Event01Event.csproj", "{10B251D1-A2E0-4ACA-B52E-33FEE1FE5BE4}"
EndProject
Project("{FAE04EC0-301F-11D3-BF4B-00C04F79EFBC}") = "12Inheritance", "12Inheritance\12Inheritance.csproj", "{E115873A-50CE-4511-AC95-EBA6281AB600}"
EndProject
Project("{FAE04EC0-301F-11D3-BF4B-00C04F79EFBC}") = "11Event추가", "11Event추가\11Event추가.csproj", "{264BCE7C-06AF-4806-A6B7-CFC9B7110851}"
EndProject
Project("{FAE04EC0-301F-11D3-BF4B-00C04F79EFBC}") = "12Override_추가공부", "실험장\12Override_추가공부.csproj", "{1014EFB5-7FC0-46D3-BCED-6C131B9387F5}"
EndProject
Project("{FAE04EC0-301F-11D3-BF4B-00C04F79EFBC}") = "12상속_Abstract", "12상속_Abstract\12상속_Abstract.csproj", "{92C0F46F-B7DA-4D3D-A241-FB7731E3CAFA}"
EndProject
Project("{FAE04EC0-301F-11D3-BF4B-00C04F79EFBC}") = "13Interface", "13Interface\13Interface.csproj", "{318E0BD4-D8B2-439F-B2FE-A909FE2805E0}"
EndProject
Project("{FAE04EC0-301F-11D3-BF4B-00C04F79EFBC}") = "14WindowProgamming", "14WindowProgamming\14WindowProgamming.csproj", "{C8FBA0EC-7DBA-4D6F-B2B6-8CEAFFF6A7D0}"
EndProject
Project("{FAE04EC0-301F-11D3-BF4B-00C04F79EFBC}") = "15EventHandler", "15EventHandler\15EventHandler.csproj", "{13FEA39A-A14E-43CB-B95C-5186E95F1BE5}"
EndProject
Project("{FAE04EC0-301F-11D3-BF4B-00C04F79EFBC}") = "16KeyDown", "16KeyBoard\16KeyDown.csproj", "{C5A4CE6E-F31A-43B4-BE77-2EF41FD3B419}"
EndProject
Project("{FAE04EC0-301F-11D3-BF4B-00C04F79EFBC}") = "16KeyPress", "16KeyPress\16KeyPress.csproj", "{494939CB-EBDF-45CF-9673-0619485B8103}"
EndProject
Project("{FAE04EC0-301F-11D3-BF4B-00C04F79EFBC}") = "17Mouse00클릭", "17Mause\17Mouse00클릭.csproj", "{6F96B3FB-1AA1-43ED-9E62-78D9C472AE0B}"
EndProject
Project("{FAE04EC0-301F-11D3-BF4B-00C04F79EFBC}") = "17Mouse01삼각형클릭", "17Mouse삼각형\17Mouse01삼각형클릭.csproj", "{9AE5C43E-EA39-438E-9A57-CD15E397AF82}"
EndProject
Project("{FAE04EC0-301F-11D3-BF4B-00C04F79EFBC}") = "심심해서_string반짝반짝띄우기", "심심해서_string반짝반짝띄우기\심심해서_string반짝반짝띄우기.csproj", "{81B588AB-30E8-4AD0-A6A9-D693AA0BA506}"
EndProject
Project("{FAE04EC0-301F-11D3-BF4B-00C04F79EFBC}") = "17Mouse02사각형드래그", "17Mause사각형\17Mouse02사각형드래그.csproj", "{DD061595-ACC9-4223-8BF4-4F013372FF07}"
EndProject
Project("{FAE04EC0-301F-11D3-BF4B-00C04F79EFBC}") = "18GDI+00", "18GDI+01\18GDI+00.csproj", "{4A6D28F8-D82C-482A-890D-690F4BD1D4AE}"
EndProject
Project("{FAE04EC0-301F-11D3-BF4B-00C04F79EFBC}") = "18GDI+01_Pen_Color", "18GDI+01_Pen_Color\18GDI+01_Pen_Color.csproj", "{4EA87E87-4FE4-4497-BAA4-30D5484FBB14}"
EndProject
Project("{FAE04EC0-301F-11D3-BF4B-00C04F79EFBC}") = "19Image_00", "19Image\19Image_00.csproj", "{DAEF1BB6-1E09-4099-A659-323C85D31754}"
EndProject
Project("{FAE04EC0-301F-11D3-BF4B-00C04F79EFBC}") = "19Image_01비트맵", "19Image_비트맵\19Image_01비트맵.csproj", "{BE1F8F76-6E1A-4382-B8FF-00652FA44F79}"
EndProject
Project("{FAE04EC0-301F-11D3-BF4B-00C04F79EFBC}") = "19Image_02더블버퍼링", "19Image_더블버퍼링\19Image_02더블버퍼링.csproj", "{F858C870-49F7-4442-8871-3240D712AF7E}"
EndProject
Project("{FAE04EC0-301F-11D3-BF4B-00C04F79EFBC}") = "19Image_03ResourceImage", "19Image_03ResourceImage\19Image_03ResourceImage.csproj", "{0F093A33-C01F-4FFE-8836-1EB086791C6B}"
EndProject
Project("{FAE04EC0-301F-11D3-BF4B-00C04F79EFBC}") = "19Image_99연습장", "19Image_99연습장\19Image_99연습장.csproj", "{FC7EEE40-A032-4ED3-83F6-24F8BE709E40}"
EndProject
Project("{FAE04EC0-301F-11D3-BF4B-00C04F79EFBC}") = "20Form_00FormEvent", "20Form_Timer\20Form_00FormEvent.csproj", "{A325603C-9137-43AE-A426-00873BAC929B}"
EndProject
Project("{FAE04EC0-301F-11D3-BF4B-00C04F79EFBC}") = "20Form_01Timer", "20Form_01Timer\20Form_01Timer.csproj", "{687460B9-E7DF-44F4-9DA9-61BDB478CD82}"
EndProject
Project("{FAE04EC0-301F-11D3-BF4B-00C04F79EFBC}") = "21Menu", "21Menu\21Menu.csproj", "{9E8DA2D7-8F30-4299-B9F2-DC0665C61448}"
EndProject
Project("{FAE04EC0-301F-11D3-BF4B-00C04F79EFBC}") = "22Control_00Button", "22Control00_Button\22Control_00Button.csproj", "{6BE4AFA6-3430-480F-BB43-7B407E916260}"
EndProject
Project("{FAE04EC0-301F-11D3-BF4B-00C04F79EFBC}") = "22Control_01TextBox", "22Control_01TextBox\22Control_01TextBox.csproj", "{C8A67F95-5568-4180-A5C1-1960BB058444}"
EndProject
Project("{FAE04EC0-301F-11D3-BF4B-00C04F79EFBC}") = "22Control_02ComboBox", "22Control_02ComboBox\22Control_02ComboBox.csproj", "{A7470CD4-2E1B-4896-9DAB-0EA5C7B167E1}"
EndProject
Project("{FAE04EC0-301F-11D3-BF4B-00C04F79EFBC}") = "22Control_03ScrollBar", "WindowsFormsApp1\22Control_03ScrollBar.csproj", "{F80CA981-0C5D-4C9E-9EC4-5AA51C8AD671}"
EndProject
Project("{FAE04EC0-301F-11D3-BF4B-00C04F79EFBC}") = "22Control_04PictureBox", "22Control_04PictureBox\22Control_04PictureBox.csproj", "{2E0D083F-0152-45F8-9455-FF14914E9D42}"
EndProject
Project("{2150E333-8FDC-42A3-9474-1A3956D46DE8}") = "01~10", "01~10", "{32E9C7D9-CC00-45F5-9AA2-A53B24C3280F}"
EndProject
Project("{2150E333-8FDC-42A3-9474-1A3956D46DE8}") = "11~20", "11~20", "{329DEF25-5B4A-4C75-B402-1AFA9A419952}"
EndProject
Project("{FAE04EC0-301F-11D3-BF4B-00C04F79EFBC}") = "23AdvancedCtrl", "23AdvancedControl\23AdvancedCtrl.csproj", "{72F8EDA1-EC78-4A69-BFD8-2FA7D8066718}"
EndProject
Project("{FAE04EC0-301F-11D3-BF4B-00C04F79EFBC}") = "23AdvancedCtrl_01이미지리스트", "23AdvancedControl_01이미지리스트\23AdvancedCtrl_01이미지리스트.csproj", "{E093B7BD-773B-4EDE-A1BB-A23BBDE875FD}"
EndProject
Project("{FAE04EC0-301F-11D3-BF4B-00C04F79EFBC}") = "23AdvancedCtrl_02탭컨트롤", "23AdvancedCtrl_02탭컨트롤\23AdvancedCtrl_02탭컨트롤.csproj", "{65F80D6D-BA50-4193-A0B8-73E5ED7C34A7}"
EndProject
Project("{FAE04EC0-301F-11D3-BF4B-00C04F79EFBC}") = "23AdvancedCtrl_03리스트뷰", "23AdvancedCtrl_03리스트뷰\23AdvancedCtrl_03리스트뷰.csproj", "{1C454BE0-1887-4824-A003-46836785FBF2}"
EndProject
Project("{FAE04EC0-301F-11D3-BF4B-00C04F79EFBC}") = "24대화상자_00모달", "24대화상자\24대화상자_00모달.csproj", "{DE74C207-2B29-4E45-A0D6-B4DF11570755}"
EndProject
Project("{FAE04EC0-301F-11D3-BF4B-00C04F79EFBC}") = "24대화상자_01모델리스", "24대화상자_01모델리스\24대화상자_01모델리스.csproj", "{D316E094-7EA5-4D9D-BB6A-87F1D99B0471}"
EndProject
Project("{FAE04EC0-301F-11D3-BF4B-00C04F79EFBC}") = "999연습", "999연습\999연습.csproj", "{1264ADEF-05B5-4B53-BDE2-1092A3EAF048}"
EndProject
Project("{FAE04EC0-301F-11D3-BF4B-00C04F79EFBC}") = "24대화상자_02공용대화상자", "24대화상자_02공용대화상자\24대화상자_02공용대화상자.csproj", "{98EA0494-C656-48B3-9F74-C5DE23297A47}"
EndProject
Project("{FAE04EC0-301F-11D3-BF4B-00C04F79EFBC}") = "24대화상자_03색상대화상자", "24대화상자_03색상대화상자\24대화상자_03색상대화상자.csproj", "{13F98FC1-1259-417E-A207-77DFF02B1948}"
EndProject
Project("{FAE04EC0-301F-11D3-BF4B-00C04F79EFBC}") = "24대화상자_오류", "24대화상자_오류\24대화상자_오류.csproj", "{5B6CA0E9-46B0-4824-A0EC-D18FD9B2EDEE}"
EndProject
Project("{FAE04EC0-301F-11D3-BF4B-00C04F79EFBC}") = "25폼분할_스플리터", "25폼분할\25폼분할_스플리터.csproj", "{6C48A78A-37D3-4B5D-9354-7DDE90627950}"
EndProject
Project("{FAE04EC0-301F-11D3-BF4B-00C04F79EFBC}") = "25폼분할_스크롤", "25폼분할_스크롤\25폼분할_스크롤.csproj", "{1F30F447-AAF8-4435-A9C5-DA8BF5FC6B71}"
EndProject
Project("{FAE04EC0-301F-11D3-BF4B-00C04F79EFBC}") = "25폼분할_MDI(다중폼)", "25폼분할_MDI(다중폼)\25폼분할_MDI(다중폼).csproj", "{0561B80A-1D88-4A69-A4F3-27B2259355DE}"
EndProject
Project("{FAE04EC0-301F-11D3-BF4B-00C04F79EFBC}") = "999연습장", "999연습장\999연습장.csproj", "{A9ED1E12-F67C-40BB-804F-E886A67B86A5}"
EndProject
Project("{FAE04EC0-301F-11D3-BF4B-00C04F79EFBC}") = "Adobe_bok_dol", "Adobe_bok_dol\Adobe_bok_dol.csproj", "{E6B4B0BB-119D-4C52-A49B-D1EF292568BD}"
EndProject
Project("{FAE04EC0-301F-11D3-BF4B-00C04F79EFBC}") = "30IEnumerable", "100IEnumerable\30IEnumerable.csproj", "{65534A0A-EF66-4A33-98F5-B142A4FF86D2}"
EndProject
Project("{FAE04EC0-301F-11D3-BF4B-00C04F79EFBC}") = "out_in_ref", "out_in_ref\out_in_ref.csproj", "{5ABE3F7A-FF4B-4483-92E2-8CFBA3C7A392}"
EndProject
Project("{FAE04EC0-301F-11D3-BF4B-00C04F79EFBC}") = "InnerClass", "InnerClass\InnerClass.csproj", "{1529C23E-4D9E-4E5C-971C-059700853362}"
EndProject
Project("{FAE04EC0-301F-11D3-BF4B-00C04F79EFBC}") = "DigitalClock", "DigitalClock\DigitalClock.csproj", "{01F6FE10-3642-40A1-BF3B-6CA915285CBF}"
EndProject
Project("{FAE04EC0-301F-11D3-BF4B-00C04F79EFBC}") = "연습장", "연습장\연습장.csproj", "{CA44FEA4-6EE0-4016-A896-74CE6386DF03}"
EndProject
Project("{FAE04EC0-301F-11D3-BF4B-00C04F79EFBC}") = "333Exception", "333Exception\333Exception.csproj", "{9F050280-9BEF-456A-BAC2-984B555047E6}"
EndProject
Project("{FAE04EC0-301F-11D3-BF4B-00C04F79EFBC}") = "NestedClass_Test", "NestedClass_Test\NestedClass_Test.csproj", "{D1534F38-881E-4008-9F02-4348CC1BECE3}"
EndProject
Project("{FAE04EC0-301F-11D3-BF4B-00C04F79EFBC}") = "Core_Test", "Core_Test\Core_Test.csproj", "{28563A2E-029C-4C73-A08B-10E7C692B266}"
EndProject
Project("{FAE04EC0-301F-11D3-BF4B-00C04F79EFBC}") = "0209_Winform", "0209_Winform\0209_Winform.csproj", "{C52EE5F6-754F-4267-8FA2-AE3170593E51}"
EndProject
Global
	GlobalSection(SolutionConfigurationPlatforms) = preSolution
		Debug|Any CPU = Debug|Any CPU
		Release|Any CPU = Release|Any CPU
	EndGlobalSection
	GlobalSection(ProjectConfigurationPlatforms) = postSolution
		{36195CC5-742E-40F7-A6A3-7E58D83AA1DB}.Debug|Any CPU.ActiveCfg = Debug|Any CPU
		{36195CC5-742E-40F7-A6A3-7E58D83AA1DB}.Debug|Any CPU.Build.0 = Debug|Any CPU
		{36195CC5-742E-40F7-A6A3-7E58D83AA1DB}.Release|Any CPU.ActiveCfg = Release|Any CPU
		{36195CC5-742E-40F7-A6A3-7E58D83AA1DB}.Release|Any CPU.Build.0 = Release|Any CPU
		{17D3CCD5-E688-4411-B177-8766C93EE833}.Debug|Any CPU.ActiveCfg = Debug|Any CPU
		{17D3CCD5-E688-4411-B177-8766C93EE833}.Debug|Any CPU.Build.0 = Debug|Any CPU
		{17D3CCD5-E688-4411-B177-8766C93EE833}.Release|Any CPU.ActiveCfg = Release|Any CPU
		{17D3CCD5-E688-4411-B177-8766C93EE833}.Release|Any CPU.Build.0 = Release|Any CPU
		{5A15C88F-5892-4704-86B3-8C531D03C11B}.Debug|Any CPU.ActiveCfg = Debug|Any CPU
		{5A15C88F-5892-4704-86B3-8C531D03C11B}.Debug|Any CPU.Build.0 = Debug|Any CPU
		{5A15C88F-5892-4704-86B3-8C531D03C11B}.Release|Any CPU.ActiveCfg = Release|Any CPU
		{5A15C88F-5892-4704-86B3-8C531D03C11B}.Release|Any CPU.Build.0 = Release|Any CPU
		{35059C2C-7953-4FF9-8109-6152FA9EB6B8}.Debug|Any CPU.ActiveCfg = Debug|Any CPU
		{35059C2C-7953-4FF9-8109-6152FA9EB6B8}.Debug|Any CPU.Build.0 = Debug|Any CPU
		{35059C2C-7953-4FF9-8109-6152FA9EB6B8}.Release|Any CPU.ActiveCfg = Release|Any CPU
		{35059C2C-7953-4FF9-8109-6152FA9EB6B8}.Release|Any CPU.Build.0 = Release|Any CPU
		{23F9A333-4417-4D46-ACC4-C665028DB3FF}.Debug|Any CPU.ActiveCfg = Debug|Any CPU
		{23F9A333-4417-4D46-ACC4-C665028DB3FF}.Debug|Any CPU.Build.0 = Debug|Any CPU
		{23F9A333-4417-4D46-ACC4-C665028DB3FF}.Release|Any CPU.ActiveCfg = Release|Any CPU
		{23F9A333-4417-4D46-ACC4-C665028DB3FF}.Release|Any CPU.Build.0 = Release|Any CPU
		{EA1D9A60-8233-4465-A901-06B8EB42202F}.Debug|Any CPU.ActiveCfg = Debug|Any CPU
		{EA1D9A60-8233-4465-A901-06B8EB42202F}.Debug|Any CPU.Build.0 = Debug|Any CPU
		{EA1D9A60-8233-4465-A901-06B8EB42202F}.Release|Any CPU.ActiveCfg = Release|Any CPU
		{EA1D9A60-8233-4465-A901-06B8EB42202F}.Release|Any CPU.Build.0 = Release|Any CPU
		{C43C48C0-0F73-43AA-89BC-C82C2402694A}.Debug|Any CPU.ActiveCfg = Debug|Any CPU
		{C43C48C0-0F73-43AA-89BC-C82C2402694A}.Debug|Any CPU.Build.0 = Debug|Any CPU
		{C43C48C0-0F73-43AA-89BC-C82C2402694A}.Release|Any CPU.ActiveCfg = Release|Any CPU
		{C43C48C0-0F73-43AA-89BC-C82C2402694A}.Release|Any CPU.Build.0 = Release|Any CPU
		{FF737BEE-15E7-46D9-9AA2-00FCF7B76D39}.Debug|Any CPU.ActiveCfg = Debug|Any CPU
		{FF737BEE-15E7-46D9-9AA2-00FCF7B76D39}.Debug|Any CPU.Build.0 = Debug|Any CPU
		{FF737BEE-15E7-46D9-9AA2-00FCF7B76D39}.Release|Any CPU.ActiveCfg = Release|Any CPU
		{FF737BEE-15E7-46D9-9AA2-00FCF7B76D39}.Release|Any CPU.Build.0 = Release|Any CPU
		{D21E2639-A470-46E7-B8D9-7F5053B0E0FA}.Debug|Any CPU.ActiveCfg = Debug|Any CPU
		{D21E2639-A470-46E7-B8D9-7F5053B0E0FA}.Debug|Any CPU.Build.0 = Debug|Any CPU
		{D21E2639-A470-46E7-B8D9-7F5053B0E0FA}.Release|Any CPU.ActiveCfg = Release|Any CPU
		{D21E2639-A470-46E7-B8D9-7F5053B0E0FA}.Release|Any CPU.Build.0 = Release|Any CPU
		{DC9AFB47-348F-4CBF-8E00-23FE985C211A}.Debug|Any CPU.ActiveCfg = Debug|Any CPU
		{DC9AFB47-348F-4CBF-8E00-23FE985C211A}.Debug|Any CPU.Build.0 = Debug|Any CPU
		{DC9AFB47-348F-4CBF-8E00-23FE985C211A}.Release|Any CPU.ActiveCfg = Release|Any CPU
		{DC9AFB47-348F-4CBF-8E00-23FE985C211A}.Release|Any CPU.Build.0 = Release|Any CPU
		{FA9F341E-FAA1-42C6-99B8-693A55C3D471}.Debug|Any CPU.ActiveCfg = Debug|Any CPU
		{FA9F341E-FAA1-42C6-99B8-693A55C3D471}.Debug|Any CPU.Build.0 = Debug|Any CPU
		{FA9F341E-FAA1-42C6-99B8-693A55C3D471}.Release|Any CPU.ActiveCfg = Release|Any CPU
		{FA9F341E-FAA1-42C6-99B8-693A55C3D471}.Release|Any CPU.Build.0 = Release|Any CPU
		{88138947-C941-4C15-98DA-9CE6C8161AE1}.Debug|Any CPU.ActiveCfg = Debug|Any CPU
		{88138947-C941-4C15-98DA-9CE6C8161AE1}.Debug|Any CPU.Build.0 = Debug|Any CPU
		{88138947-C941-4C15-98DA-9CE6C8161AE1}.Release|Any CPU.ActiveCfg = Release|Any CPU
		{88138947-C941-4C15-98DA-9CE6C8161AE1}.Release|Any CPU.Build.0 = Release|Any CPU
		{BEC3D8E4-1BCC-4D7B-B5D2-2BA37F005E99}.Debug|Any CPU.ActiveCfg = Debug|Any CPU
		{BEC3D8E4-1BCC-4D7B-B5D2-2BA37F005E99}.Debug|Any CPU.Build.0 = Debug|Any CPU
		{BEC3D8E4-1BCC-4D7B-B5D2-2BA37F005E99}.Release|Any CPU.ActiveCfg = Release|Any CPU
		{BEC3D8E4-1BCC-4D7B-B5D2-2BA37F005E99}.Release|Any CPU.Build.0 = Release|Any CPU
		{5BD94728-E543-4013-96E2-1110F87D896A}.Debug|Any CPU.ActiveCfg = Debug|Any CPU
		{5BD94728-E543-4013-96E2-1110F87D896A}.Debug|Any CPU.Build.0 = Debug|Any CPU
		{5BD94728-E543-4013-96E2-1110F87D896A}.Release|Any CPU.ActiveCfg = Release|Any CPU
		{5BD94728-E543-4013-96E2-1110F87D896A}.Release|Any CPU.Build.0 = Release|Any CPU
		{35AD22CE-E92D-4DC5-9E21-E2A04B62C753}.Debug|Any CPU.ActiveCfg = Debug|Any CPU
		{35AD22CE-E92D-4DC5-9E21-E2A04B62C753}.Debug|Any CPU.Build.0 = Debug|Any CPU
		{35AD22CE-E92D-4DC5-9E21-E2A04B62C753}.Release|Any CPU.ActiveCfg = Release|Any CPU
		{35AD22CE-E92D-4DC5-9E21-E2A04B62C753}.Release|Any CPU.Build.0 = Release|Any CPU
		{4301A0A0-A226-4CD1-A4D4-4487829E22FD}.Debug|Any CPU.ActiveCfg = Debug|Any CPU
		{4301A0A0-A226-4CD1-A4D4-4487829E22FD}.Debug|Any CPU.Build.0 = Debug|Any CPU
		{4301A0A0-A226-4CD1-A4D4-4487829E22FD}.Release|Any CPU.ActiveCfg = Release|Any CPU
		{4301A0A0-A226-4CD1-A4D4-4487829E22FD}.Release|Any CPU.Build.0 = Release|Any CPU
		{1288F98F-5AE4-47AB-AFDB-07AEF722C220}.Debug|Any CPU.ActiveCfg = Debug|Any CPU
		{1288F98F-5AE4-47AB-AFDB-07AEF722C220}.Debug|Any CPU.Build.0 = Debug|Any CPU
		{1288F98F-5AE4-47AB-AFDB-07AEF722C220}.Release|Any CPU.ActiveCfg = Release|Any CPU
		{1288F98F-5AE4-47AB-AFDB-07AEF722C220}.Release|Any CPU.Build.0 = Release|Any CPU
		{62DC0DF1-3A49-4481-8F52-CB6DD39F5D54}.Debug|Any CPU.ActiveCfg = Debug|Any CPU
		{62DC0DF1-3A49-4481-8F52-CB6DD39F5D54}.Debug|Any CPU.Build.0 = Debug|Any CPU
		{62DC0DF1-3A49-4481-8F52-CB6DD39F5D54}.Release|Any CPU.ActiveCfg = Release|Any CPU
		{62DC0DF1-3A49-4481-8F52-CB6DD39F5D54}.Release|Any CPU.Build.0 = Release|Any CPU
		{7E74E0C4-FF6C-4E6A-8124-BD6884A1DE6E}.Debug|Any CPU.ActiveCfg = Debug|Any CPU
		{7E74E0C4-FF6C-4E6A-8124-BD6884A1DE6E}.Debug|Any CPU.Build.0 = Debug|Any CPU
		{7E74E0C4-FF6C-4E6A-8124-BD6884A1DE6E}.Release|Any CPU.ActiveCfg = Release|Any CPU
		{7E74E0C4-FF6C-4E6A-8124-BD6884A1DE6E}.Release|Any CPU.Build.0 = Release|Any CPU
		{AD69EA07-8E57-4DAB-8E00-CAA758CC675A}.Debug|Any CPU.ActiveCfg = Debug|Any CPU
		{AD69EA07-8E57-4DAB-8E00-CAA758CC675A}.Debug|Any CPU.Build.0 = Debug|Any CPU
		{AD69EA07-8E57-4DAB-8E00-CAA758CC675A}.Release|Any CPU.ActiveCfg = Release|Any CPU
		{AD69EA07-8E57-4DAB-8E00-CAA758CC675A}.Release|Any CPU.Build.0 = Release|Any CPU
		{1AF7F66A-FEA4-4242-AFC4-95A3B8F5A1ED}.Debug|Any CPU.ActiveCfg = Debug|Any CPU
		{1AF7F66A-FEA4-4242-AFC4-95A3B8F5A1ED}.Debug|Any CPU.Build.0 = Debug|Any CPU
		{1AF7F66A-FEA4-4242-AFC4-95A3B8F5A1ED}.Release|Any CPU.ActiveCfg = Release|Any CPU
		{1AF7F66A-FEA4-4242-AFC4-95A3B8F5A1ED}.Release|Any CPU.Build.0 = Release|Any CPU
		{C73D8BF2-E9EA-416F-9761-14E7E73C1DA5}.Debug|Any CPU.ActiveCfg = Debug|Any CPU
		{C73D8BF2-E9EA-416F-9761-14E7E73C1DA5}.Debug|Any CPU.Build.0 = Debug|Any CPU
		{C73D8BF2-E9EA-416F-9761-14E7E73C1DA5}.Release|Any CPU.ActiveCfg = Release|Any CPU
		{C73D8BF2-E9EA-416F-9761-14E7E73C1DA5}.Release|Any CPU.Build.0 = Release|Any CPU
		{460FD831-52B9-496C-8BE1-FE3EA4F7552B}.Debug|Any CPU.ActiveCfg = Debug|Any CPU
		{460FD831-52B9-496C-8BE1-FE3EA4F7552B}.Debug|Any CPU.Build.0 = Debug|Any CPU
		{460FD831-52B9-496C-8BE1-FE3EA4F7552B}.Release|Any CPU.ActiveCfg = Release|Any CPU
		{460FD831-52B9-496C-8BE1-FE3EA4F7552B}.Release|Any CPU.Build.0 = Release|Any CPU
		{10B251D1-A2E0-4ACA-B52E-33FEE1FE5BE4}.Debug|Any CPU.ActiveCfg = Debug|Any CPU
		{10B251D1-A2E0-4ACA-B52E-33FEE1FE5BE4}.Debug|Any CPU.Build.0 = Debug|Any CPU
		{10B251D1-A2E0-4ACA-B52E-33FEE1FE5BE4}.Release|Any CPU.ActiveCfg = Release|Any CPU
		{10B251D1-A2E0-4ACA-B52E-33FEE1FE5BE4}.Release|Any CPU.Build.0 = Release|Any CPU
		{E115873A-50CE-4511-AC95-EBA6281AB600}.Debug|Any CPU.ActiveCfg = Debug|Any CPU
		{E115873A-50CE-4511-AC95-EBA6281AB600}.Debug|Any CPU.Build.0 = Debug|Any CPU
		{E115873A-50CE-4511-AC95-EBA6281AB600}.Release|Any CPU.ActiveCfg = Release|Any CPU
		{E115873A-50CE-4511-AC95-EBA6281AB600}.Release|Any CPU.Build.0 = Release|Any CPU
		{264BCE7C-06AF-4806-A6B7-CFC9B7110851}.Debug|Any CPU.ActiveCfg = Debug|Any CPU
		{264BCE7C-06AF-4806-A6B7-CFC9B7110851}.Debug|Any CPU.Build.0 = Debug|Any CPU
		{264BCE7C-06AF-4806-A6B7-CFC9B7110851}.Release|Any CPU.ActiveCfg = Release|Any CPU
		{264BCE7C-06AF-4806-A6B7-CFC9B7110851}.Release|Any CPU.Build.0 = Release|Any CPU
		{1014EFB5-7FC0-46D3-BCED-6C131B9387F5}.Debug|Any CPU.ActiveCfg = Debug|Any CPU
		{1014EFB5-7FC0-46D3-BCED-6C131B9387F5}.Debug|Any CPU.Build.0 = Debug|Any CPU
		{1014EFB5-7FC0-46D3-BCED-6C131B9387F5}.Release|Any CPU.ActiveCfg = Release|Any CPU
		{1014EFB5-7FC0-46D3-BCED-6C131B9387F5}.Release|Any CPU.Build.0 = Release|Any CPU
		{92C0F46F-B7DA-4D3D-A241-FB7731E3CAFA}.Debug|Any CPU.ActiveCfg = Debug|Any CPU
		{92C0F46F-B7DA-4D3D-A241-FB7731E3CAFA}.Debug|Any CPU.Build.0 = Debug|Any CPU
		{92C0F46F-B7DA-4D3D-A241-FB7731E3CAFA}.Release|Any CPU.ActiveCfg = Release|Any CPU
		{92C0F46F-B7DA-4D3D-A241-FB7731E3CAFA}.Release|Any CPU.Build.0 = Release|Any CPU
		{318E0BD4-D8B2-439F-B2FE-A909FE2805E0}.Debug|Any CPU.ActiveCfg = Debug|Any CPU
		{318E0BD4-D8B2-439F-B2FE-A909FE2805E0}.Debug|Any CPU.Build.0 = Debug|Any CPU
		{318E0BD4-D8B2-439F-B2FE-A909FE2805E0}.Release|Any CPU.ActiveCfg = Release|Any CPU
		{318E0BD4-D8B2-439F-B2FE-A909FE2805E0}.Release|Any CPU.Build.0 = Release|Any CPU
		{C8FBA0EC-7DBA-4D6F-B2B6-8CEAFFF6A7D0}.Debug|Any CPU.ActiveCfg = Debug|Any CPU
		{C8FBA0EC-7DBA-4D6F-B2B6-8CEAFFF6A7D0}.Debug|Any CPU.Build.0 = Debug|Any CPU
		{C8FBA0EC-7DBA-4D6F-B2B6-8CEAFFF6A7D0}.Release|Any CPU.ActiveCfg = Release|Any CPU
		{C8FBA0EC-7DBA-4D6F-B2B6-8CEAFFF6A7D0}.Release|Any CPU.Build.0 = Release|Any CPU
		{13FEA39A-A14E-43CB-B95C-5186E95F1BE5}.Debug|Any CPU.ActiveCfg = Debug|Any CPU
		{13FEA39A-A14E-43CB-B95C-5186E95F1BE5}.Debug|Any CPU.Build.0 = Debug|Any CPU
		{13FEA39A-A14E-43CB-B95C-5186E95F1BE5}.Release|Any CPU.ActiveCfg = Release|Any CPU
		{13FEA39A-A14E-43CB-B95C-5186E95F1BE5}.Release|Any CPU.Build.0 = Release|Any CPU
		{C5A4CE6E-F31A-43B4-BE77-2EF41FD3B419}.Debug|Any CPU.ActiveCfg = Debug|Any CPU
		{C5A4CE6E-F31A-43B4-BE77-2EF41FD3B419}.Debug|Any CPU.Build.0 = Debug|Any CPU
		{C5A4CE6E-F31A-43B4-BE77-2EF41FD3B419}.Release|Any CPU.ActiveCfg = Release|Any CPU
		{C5A4CE6E-F31A-43B4-BE77-2EF41FD3B419}.Release|Any CPU.Build.0 = Release|Any CPU
		{494939CB-EBDF-45CF-9673-0619485B8103}.Debug|Any CPU.ActiveCfg = Debug|Any CPU
		{494939CB-EBDF-45CF-9673-0619485B8103}.Debug|Any CPU.Build.0 = Debug|Any CPU
		{494939CB-EBDF-45CF-9673-0619485B8103}.Release|Any CPU.ActiveCfg = Release|Any CPU
		{494939CB-EBDF-45CF-9673-0619485B8103}.Release|Any CPU.Build.0 = Release|Any CPU
		{6F96B3FB-1AA1-43ED-9E62-78D9C472AE0B}.Debug|Any CPU.ActiveCfg = Debug|Any CPU
		{6F96B3FB-1AA1-43ED-9E62-78D9C472AE0B}.Debug|Any CPU.Build.0 = Debug|Any CPU
		{6F96B3FB-1AA1-43ED-9E62-78D9C472AE0B}.Release|Any CPU.ActiveCfg = Release|Any CPU
		{6F96B3FB-1AA1-43ED-9E62-78D9C472AE0B}.Release|Any CPU.Build.0 = Release|Any CPU
		{9AE5C43E-EA39-438E-9A57-CD15E397AF82}.Debug|Any CPU.ActiveCfg = Debug|Any CPU
		{9AE5C43E-EA39-438E-9A57-CD15E397AF82}.Debug|Any CPU.Build.0 = Debug|Any CPU
		{9AE5C43E-EA39-438E-9A57-CD15E397AF82}.Release|Any CPU.ActiveCfg = Release|Any CPU
		{9AE5C43E-EA39-438E-9A57-CD15E397AF82}.Release|Any CPU.Build.0 = Release|Any CPU
		{81B588AB-30E8-4AD0-A6A9-D693AA0BA506}.Debug|Any CPU.ActiveCfg = Debug|Any CPU
		{81B588AB-30E8-4AD0-A6A9-D693AA0BA506}.Debug|Any CPU.Build.0 = Debug|Any CPU
		{81B588AB-30E8-4AD0-A6A9-D693AA0BA506}.Release|Any CPU.ActiveCfg = Release|Any CPU
		{81B588AB-30E8-4AD0-A6A9-D693AA0BA506}.Release|Any CPU.Build.0 = Release|Any CPU
		{DD061595-ACC9-4223-8BF4-4F013372FF07}.Debug|Any CPU.ActiveCfg = Debug|Any CPU
		{DD061595-ACC9-4223-8BF4-4F013372FF07}.Debug|Any CPU.Build.0 = Debug|Any CPU
		{DD061595-ACC9-4223-8BF4-4F013372FF07}.Release|Any CPU.ActiveCfg = Release|Any CPU
		{DD061595-ACC9-4223-8BF4-4F013372FF07}.Release|Any CPU.Build.0 = Release|Any CPU
		{4A6D28F8-D82C-482A-890D-690F4BD1D4AE}.Debug|Any CPU.ActiveCfg = Debug|Any CPU
		{4A6D28F8-D82C-482A-890D-690F4BD1D4AE}.Debug|Any CPU.Build.0 = Debug|Any CPU
		{4A6D28F8-D82C-482A-890D-690F4BD1D4AE}.Release|Any CPU.ActiveCfg = Release|Any CPU
		{4A6D28F8-D82C-482A-890D-690F4BD1D4AE}.Release|Any CPU.Build.0 = Release|Any CPU
		{4EA87E87-4FE4-4497-BAA4-30D5484FBB14}.Debug|Any CPU.ActiveCfg = Debug|Any CPU
		{4EA87E87-4FE4-4497-BAA4-30D5484FBB14}.Debug|Any CPU.Build.0 = Debug|Any CPU
		{4EA87E87-4FE4-4497-BAA4-30D5484FBB14}.Release|Any CPU.ActiveCfg = Release|Any CPU
		{4EA87E87-4FE4-4497-BAA4-30D5484FBB14}.Release|Any CPU.Build.0 = Release|Any CPU
		{DAEF1BB6-1E09-4099-A659-323C85D31754}.Debug|Any CPU.ActiveCfg = Debug|Any CPU
		{DAEF1BB6-1E09-4099-A659-323C85D31754}.Debug|Any CPU.Build.0 = Debug|Any CPU
		{DAEF1BB6-1E09-4099-A659-323C85D31754}.Release|Any CPU.ActiveCfg = Release|Any CPU
		{DAEF1BB6-1E09-4099-A659-323C85D31754}.Release|Any CPU.Build.0 = Release|Any CPU
		{BE1F8F76-6E1A-4382-B8FF-00652FA44F79}.Debug|Any CPU.ActiveCfg = Debug|Any CPU
		{BE1F8F76-6E1A-4382-B8FF-00652FA44F79}.Debug|Any CPU.Build.0 = Debug|Any CPU
		{BE1F8F76-6E1A-4382-B8FF-00652FA44F79}.Release|Any CPU.ActiveCfg = Release|Any CPU
		{BE1F8F76-6E1A-4382-B8FF-00652FA44F79}.Release|Any CPU.Build.0 = Release|Any CPU
		{F858C870-49F7-4442-8871-3240D712AF7E}.Debug|Any CPU.ActiveCfg = Debug|Any CPU
		{F858C870-49F7-4442-8871-3240D712AF7E}.Debug|Any CPU.Build.0 = Debug|Any CPU
		{F858C870-49F7-4442-8871-3240D712AF7E}.Release|Any CPU.ActiveCfg = Release|Any CPU
		{F858C870-49F7-4442-8871-3240D712AF7E}.Release|Any CPU.Build.0 = Release|Any CPU
		{0F093A33-C01F-4FFE-8836-1EB086791C6B}.Debug|Any CPU.ActiveCfg = Debug|Any CPU
		{0F093A33-C01F-4FFE-8836-1EB086791C6B}.Debug|Any CPU.Build.0 = Debug|Any CPU
		{0F093A33-C01F-4FFE-8836-1EB086791C6B}.Release|Any CPU.ActiveCfg = Release|Any CPU
		{0F093A33-C01F-4FFE-8836-1EB086791C6B}.Release|Any CPU.Build.0 = Release|Any CPU
		{FC7EEE40-A032-4ED3-83F6-24F8BE709E40}.Debug|Any CPU.ActiveCfg = Debug|Any CPU
		{FC7EEE40-A032-4ED3-83F6-24F8BE709E40}.Debug|Any CPU.Build.0 = Debug|Any CPU
		{FC7EEE40-A032-4ED3-83F6-24F8BE709E40}.Release|Any CPU.ActiveCfg = Release|Any CPU
		{FC7EEE40-A032-4ED3-83F6-24F8BE709E40}.Release|Any CPU.Build.0 = Release|Any CPU
		{A325603C-9137-43AE-A426-00873BAC929B}.Debug|Any CPU.ActiveCfg = Debug|Any CPU
		{A325603C-9137-43AE-A426-00873BAC929B}.Debug|Any CPU.Build.0 = Debug|Any CPU
		{A325603C-9137-43AE-A426-00873BAC929B}.Release|Any CPU.ActiveCfg = Release|Any CPU
		{A325603C-9137-43AE-A426-00873BAC929B}.Release|Any CPU.Build.0 = Release|Any CPU
		{687460B9-E7DF-44F4-9DA9-61BDB478CD82}.Debug|Any CPU.ActiveCfg = Debug|Any CPU
		{687460B9-E7DF-44F4-9DA9-61BDB478CD82}.Debug|Any CPU.Build.0 = Debug|Any CPU
		{687460B9-E7DF-44F4-9DA9-61BDB478CD82}.Release|Any CPU.ActiveCfg = Release|Any CPU
		{687460B9-E7DF-44F4-9DA9-61BDB478CD82}.Release|Any CPU.Build.0 = Release|Any CPU
		{9E8DA2D7-8F30-4299-B9F2-DC0665C61448}.Debug|Any CPU.ActiveCfg = Debug|Any CPU
		{9E8DA2D7-8F30-4299-B9F2-DC0665C61448}.Debug|Any CPU.Build.0 = Debug|Any CPU
		{9E8DA2D7-8F30-4299-B9F2-DC0665C61448}.Release|Any CPU.ActiveCfg = Release|Any CPU
		{9E8DA2D7-8F30-4299-B9F2-DC0665C61448}.Release|Any CPU.Build.0 = Release|Any CPU
		{6BE4AFA6-3430-480F-BB43-7B407E916260}.Debug|Any CPU.ActiveCfg = Debug|Any CPU
		{6BE4AFA6-3430-480F-BB43-7B407E916260}.Debug|Any CPU.Build.0 = Debug|Any CPU
		{6BE4AFA6-3430-480F-BB43-7B407E916260}.Release|Any CPU.ActiveCfg = Release|Any CPU
		{6BE4AFA6-3430-480F-BB43-7B407E916260}.Release|Any CPU.Build.0 = Release|Any CPU
		{C8A67F95-5568-4180-A5C1-1960BB058444}.Debug|Any CPU.ActiveCfg = Debug|Any CPU
		{C8A67F95-5568-4180-A5C1-1960BB058444}.Debug|Any CPU.Build.0 = Debug|Any CPU
		{C8A67F95-5568-4180-A5C1-1960BB058444}.Release|Any CPU.ActiveCfg = Release|Any CPU
		{C8A67F95-5568-4180-A5C1-1960BB058444}.Release|Any CPU.Build.0 = Release|Any CPU
		{A7470CD4-2E1B-4896-9DAB-0EA5C7B167E1}.Debug|Any CPU.ActiveCfg = Debug|Any CPU
		{A7470CD4-2E1B-4896-9DAB-0EA5C7B167E1}.Debug|Any CPU.Build.0 = Debug|Any CPU
		{A7470CD4-2E1B-4896-9DAB-0EA5C7B167E1}.Release|Any CPU.ActiveCfg = Release|Any CPU
		{A7470CD4-2E1B-4896-9DAB-0EA5C7B167E1}.Release|Any CPU.Build.0 = Release|Any CPU
		{F80CA981-0C5D-4C9E-9EC4-5AA51C8AD671}.Debug|Any CPU.ActiveCfg = Debug|Any CPU
		{F80CA981-0C5D-4C9E-9EC4-5AA51C8AD671}.Debug|Any CPU.Build.0 = Debug|Any CPU
		{F80CA981-0C5D-4C9E-9EC4-5AA51C8AD671}.Release|Any CPU.ActiveCfg = Release|Any CPU
		{F80CA981-0C5D-4C9E-9EC4-5AA51C8AD671}.Release|Any CPU.Build.0 = Release|Any CPU
		{2E0D083F-0152-45F8-9455-FF14914E9D42}.Debug|Any CPU.ActiveCfg = Debug|Any CPU
		{2E0D083F-0152-45F8-9455-FF14914E9D42}.Debug|Any CPU.Build.0 = Debug|Any CPU
		{2E0D083F-0152-45F8-9455-FF14914E9D42}.Release|Any CPU.ActiveCfg = Release|Any CPU
		{2E0D083F-0152-45F8-9455-FF14914E9D42}.Release|Any CPU.Build.0 = Release|Any CPU
		{72F8EDA1-EC78-4A69-BFD8-2FA7D8066718}.Debug|Any CPU.ActiveCfg = Debug|Any CPU
		{72F8EDA1-EC78-4A69-BFD8-2FA7D8066718}.Debug|Any CPU.Build.0 = Debug|Any CPU
		{72F8EDA1-EC78-4A69-BFD8-2FA7D8066718}.Release|Any CPU.ActiveCfg = Release|Any CPU
		{72F8EDA1-EC78-4A69-BFD8-2FA7D8066718}.Release|Any CPU.Build.0 = Release|Any CPU
		{E093B7BD-773B-4EDE-A1BB-A23BBDE875FD}.Debug|Any CPU.ActiveCfg = Debug|Any CPU
		{E093B7BD-773B-4EDE-A1BB-A23BBDE875FD}.Debug|Any CPU.Build.0 = Debug|Any CPU
		{E093B7BD-773B-4EDE-A1BB-A23BBDE875FD}.Release|Any CPU.ActiveCfg = Release|Any CPU
		{E093B7BD-773B-4EDE-A1BB-A23BBDE875FD}.Release|Any CPU.Build.0 = Release|Any CPU
		{65F80D6D-BA50-4193-A0B8-73E5ED7C34A7}.Debug|Any CPU.ActiveCfg = Debug|Any CPU
		{65F80D6D-BA50-4193-A0B8-73E5ED7C34A7}.Debug|Any CPU.Build.0 = Debug|Any CPU
		{65F80D6D-BA50-4193-A0B8-73E5ED7C34A7}.Release|Any CPU.ActiveCfg = Release|Any CPU
		{65F80D6D-BA50-4193-A0B8-73E5ED7C34A7}.Release|Any CPU.Build.0 = Release|Any CPU
		{1C454BE0-1887-4824-A003-46836785FBF2}.Debug|Any CPU.ActiveCfg = Debug|Any CPU
		{1C454BE0-1887-4824-A003-46836785FBF2}.Debug|Any CPU.Build.0 = Debug|Any CPU
		{1C454BE0-1887-4824-A003-46836785FBF2}.Release|Any CPU.ActiveCfg = Release|Any CPU
		{1C454BE0-1887-4824-A003-46836785FBF2}.Release|Any CPU.Build.0 = Release|Any CPU
		{DE74C207-2B29-4E45-A0D6-B4DF11570755}.Debug|Any CPU.ActiveCfg = Debug|Any CPU
		{DE74C207-2B29-4E45-A0D6-B4DF11570755}.Debug|Any CPU.Build.0 = Debug|Any CPU
		{DE74C207-2B29-4E45-A0D6-B4DF11570755}.Release|Any CPU.ActiveCfg = Release|Any CPU
		{DE74C207-2B29-4E45-A0D6-B4DF11570755}.Release|Any CPU.Build.0 = Release|Any CPU
		{D316E094-7EA5-4D9D-BB6A-87F1D99B0471}.Debug|Any CPU.ActiveCfg = Debug|Any CPU
		{D316E094-7EA5-4D9D-BB6A-87F1D99B0471}.Debug|Any CPU.Build.0 = Debug|Any CPU
		{D316E094-7EA5-4D9D-BB6A-87F1D99B0471}.Release|Any CPU.ActiveCfg = Release|Any CPU
		{D316E094-7EA5-4D9D-BB6A-87F1D99B0471}.Release|Any CPU.Build.0 = Release|Any CPU
		{1264ADEF-05B5-4B53-BDE2-1092A3EAF048}.Debug|Any CPU.ActiveCfg = Debug|Any CPU
		{1264ADEF-05B5-4B53-BDE2-1092A3EAF048}.Debug|Any CPU.Build.0 = Debug|Any CPU
		{1264ADEF-05B5-4B53-BDE2-1092A3EAF048}.Release|Any CPU.ActiveCfg = Release|Any CPU
		{1264ADEF-05B5-4B53-BDE2-1092A3EAF048}.Release|Any CPU.Build.0 = Release|Any CPU
		{98EA0494-C656-48B3-9F74-C5DE23297A47}.Debug|Any CPU.ActiveCfg = Debug|Any CPU
		{98EA0494-C656-48B3-9F74-C5DE23297A47}.Debug|Any CPU.Build.0 = Debug|Any CPU
		{98EA0494-C656-48B3-9F74-C5DE23297A47}.Release|Any CPU.ActiveCfg = Release|Any CPU
		{98EA0494-C656-48B3-9F74-C5DE23297A47}.Release|Any CPU.Build.0 = Release|Any CPU
		{13F98FC1-1259-417E-A207-77DFF02B1948}.Debug|Any CPU.ActiveCfg = Debug|Any CPU
		{13F98FC1-1259-417E-A207-77DFF02B1948}.Debug|Any CPU.Build.0 = Debug|Any CPU
		{13F98FC1-1259-417E-A207-77DFF02B1948}.Release|Any CPU.ActiveCfg = Release|Any CPU
		{13F98FC1-1259-417E-A207-77DFF02B1948}.Release|Any CPU.Build.0 = Release|Any CPU
		{5B6CA0E9-46B0-4824-A0EC-D18FD9B2EDEE}.Debug|Any CPU.ActiveCfg = Debug|Any CPU
		{5B6CA0E9-46B0-4824-A0EC-D18FD9B2EDEE}.Debug|Any CPU.Build.0 = Debug|Any CPU
		{5B6CA0E9-46B0-4824-A0EC-D18FD9B2EDEE}.Release|Any CPU.ActiveCfg = Release|Any CPU
		{5B6CA0E9-46B0-4824-A0EC-D18FD9B2EDEE}.Release|Any CPU.Build.0 = Release|Any CPU
		{6C48A78A-37D3-4B5D-9354-7DDE90627950}.Debug|Any CPU.ActiveCfg = Debug|Any CPU
		{6C48A78A-37D3-4B5D-9354-7DDE90627950}.Debug|Any CPU.Build.0 = Debug|Any CPU
		{6C48A78A-37D3-4B5D-9354-7DDE90627950}.Release|Any CPU.ActiveCfg = Release|Any CPU
		{6C48A78A-37D3-4B5D-9354-7DDE90627950}.Release|Any CPU.Build.0 = Release|Any CPU
		{1F30F447-AAF8-4435-A9C5-DA8BF5FC6B71}.Debug|Any CPU.ActiveCfg = Debug|Any CPU
		{1F30F447-AAF8-4435-A9C5-DA8BF5FC6B71}.Debug|Any CPU.Build.0 = Debug|Any CPU
		{1F30F447-AAF8-4435-A9C5-DA8BF5FC6B71}.Release|Any CPU.ActiveCfg = Release|Any CPU
		{1F30F447-AAF8-4435-A9C5-DA8BF5FC6B71}.Release|Any CPU.Build.0 = Release|Any CPU
		{0561B80A-1D88-4A69-A4F3-27B2259355DE}.Debug|Any CPU.ActiveCfg = Debug|Any CPU
		{0561B80A-1D88-4A69-A4F3-27B2259355DE}.Debug|Any CPU.Build.0 = Debug|Any CPU
		{0561B80A-1D88-4A69-A4F3-27B2259355DE}.Release|Any CPU.ActiveCfg = Release|Any CPU
		{0561B80A-1D88-4A69-A4F3-27B2259355DE}.Release|Any CPU.Build.0 = Release|Any CPU
		{A9ED1E12-F67C-40BB-804F-E886A67B86A5}.Debug|Any CPU.ActiveCfg = Debug|Any CPU
		{A9ED1E12-F67C-40BB-804F-E886A67B86A5}.Debug|Any CPU.Build.0 = Debug|Any CPU
		{A9ED1E12-F67C-40BB-804F-E886A67B86A5}.Release|Any CPU.ActiveCfg = Release|Any CPU
		{A9ED1E12-F67C-40BB-804F-E886A67B86A5}.Release|Any CPU.Build.0 = Release|Any CPU
		{E6B4B0BB-119D-4C52-A49B-D1EF292568BD}.Debug|Any CPU.ActiveCfg = Debug|Any CPU
		{E6B4B0BB-119D-4C52-A49B-D1EF292568BD}.Debug|Any CPU.Build.0 = Debug|Any CPU
		{E6B4B0BB-119D-4C52-A49B-D1EF292568BD}.Release|Any CPU.ActiveCfg = Release|Any CPU
		{E6B4B0BB-119D-4C52-A49B-D1EF292568BD}.Release|Any CPU.Build.0 = Release|Any CPU
		{65534A0A-EF66-4A33-98F5-B142A4FF86D2}.Debug|Any CPU.ActiveCfg = Debug|Any CPU
		{65534A0A-EF66-4A33-98F5-B142A4FF86D2}.Debug|Any CPU.Build.0 = Debug|Any CPU
		{65534A0A-EF66-4A33-98F5-B142A4FF86D2}.Release|Any CPU.ActiveCfg = Release|Any CPU
		{65534A0A-EF66-4A33-98F5-B142A4FF86D2}.Release|Any CPU.Build.0 = Release|Any CPU
		{5ABE3F7A-FF4B-4483-92E2-8CFBA3C7A392}.Debug|Any CPU.ActiveCfg = Debug|Any CPU
		{5ABE3F7A-FF4B-4483-92E2-8CFBA3C7A392}.Debug|Any CPU.Build.0 = Debug|Any CPU
		{5ABE3F7A-FF4B-4483-92E2-8CFBA3C7A392}.Release|Any CPU.ActiveCfg = Release|Any CPU
		{5ABE3F7A-FF4B-4483-92E2-8CFBA3C7A392}.Release|Any CPU.Build.0 = Release|Any CPU
		{1529C23E-4D9E-4E5C-971C-059700853362}.Debug|Any CPU.ActiveCfg = Debug|Any CPU
		{1529C23E-4D9E-4E5C-971C-059700853362}.Debug|Any CPU.Build.0 = Debug|Any CPU
		{1529C23E-4D9E-4E5C-971C-059700853362}.Release|Any CPU.ActiveCfg = Release|Any CPU
		{1529C23E-4D9E-4E5C-971C-059700853362}.Release|Any CPU.Build.0 = Release|Any CPU
		{01F6FE10-3642-40A1-BF3B-6CA915285CBF}.Debug|Any CPU.ActiveCfg = Debug|Any CPU
		{01F6FE10-3642-40A1-BF3B-6CA915285CBF}.Debug|Any CPU.Build.0 = Debug|Any CPU
		{01F6FE10-3642-40A1-BF3B-6CA915285CBF}.Release|Any CPU.ActiveCfg = Release|Any CPU
		{01F6FE10-3642-40A1-BF3B-6CA915285CBF}.Release|Any CPU.Build.0 = Release|Any CPU
		{CA44FEA4-6EE0-4016-A896-74CE6386DF03}.Debug|Any CPU.ActiveCfg = Debug|Any CPU
		{CA44FEA4-6EE0-4016-A896-74CE6386DF03}.Debug|Any CPU.Build.0 = Debug|Any CPU
		{CA44FEA4-6EE0-4016-A896-74CE6386DF03}.Release|Any CPU.ActiveCfg = Release|Any CPU
		{CA44FEA4-6EE0-4016-A896-74CE6386DF03}.Release|Any CPU.Build.0 = Release|Any CPU
		{9F050280-9BEF-456A-BAC2-984B555047E6}.Debug|Any CPU.ActiveCfg = Debug|Any CPU
		{9F050280-9BEF-456A-BAC2-984B555047E6}.Debug|Any CPU.Build.0 = Debug|Any CPU
		{9F050280-9BEF-456A-BAC2-984B555047E6}.Release|Any CPU.ActiveCfg = Release|Any CPU
		{9F050280-9BEF-456A-BAC2-984B555047E6}.Release|Any CPU.Build.0 = Release|Any CPU
		{D1534F38-881E-4008-9F02-4348CC1BECE3}.Debug|Any CPU.ActiveCfg = Debug|Any CPU
		{D1534F38-881E-4008-9F02-4348CC1BECE3}.Debug|Any CPU.Build.0 = Debug|Any CPU
		{D1534F38-881E-4008-9F02-4348CC1BECE3}.Release|Any CPU.ActiveCfg = Release|Any CPU
		{D1534F38-881E-4008-9F02-4348CC1BECE3}.Release|Any CPU.Build.0 = Release|Any CPU
		{28563A2E-029C-4C73-A08B-10E7C692B266}.Debug|Any CPU.ActiveCfg = Debug|Any CPU
		{28563A2E-029C-4C73-A08B-10E7C692B266}.Debug|Any CPU.Build.0 = Debug|Any CPU
		{28563A2E-029C-4C73-A08B-10E7C692B266}.Release|Any CPU.ActiveCfg = Release|Any CPU
		{28563A2E-029C-4C73-A08B-10E7C692B266}.Release|Any CPU.Build.0 = Release|Any CPU
		{C52EE5F6-754F-4267-8FA2-AE3170593E51}.Debug|Any CPU.ActiveCfg = Debug|Any CPU
		{C52EE5F6-754F-4267-8FA2-AE3170593E51}.Debug|Any CPU.Build.0 = Debug|Any CPU
		{C52EE5F6-754F-4267-8FA2-AE3170593E51}.Release|Any CPU.ActiveCfg = Release|Any CPU
		{C52EE5F6-754F-4267-8FA2-AE3170593E51}.Release|Any CPU.Build.0 = Release|Any CPU
	EndGlobalSection
	GlobalSection(SolutionProperties) = preSolution
		HideSolutionNode = FALSE
	EndGlobalSection
	GlobalSection(NestedProjects) = preSolution
		{36195CC5-742E-40F7-A6A3-7E58D83AA1DB} = {32E9C7D9-CC00-45F5-9AA2-A53B24C3280F}
		{17D3CCD5-E688-4411-B177-8766C93EE833} = {32E9C7D9-CC00-45F5-9AA2-A53B24C3280F}
		{5A15C88F-5892-4704-86B3-8C531D03C11B} = {32E9C7D9-CC00-45F5-9AA2-A53B24C3280F}
		{35059C2C-7953-4FF9-8109-6152FA9EB6B8} = {32E9C7D9-CC00-45F5-9AA2-A53B24C3280F}
		{23F9A333-4417-4D46-ACC4-C665028DB3FF} = {32E9C7D9-CC00-45F5-9AA2-A53B24C3280F}
		{EA1D9A60-8233-4465-A901-06B8EB42202F} = {32E9C7D9-CC00-45F5-9AA2-A53B24C3280F}
		{FF737BEE-15E7-46D9-9AA2-00FCF7B76D39} = {32E9C7D9-CC00-45F5-9AA2-A53B24C3280F}
		{D21E2639-A470-46E7-B8D9-7F5053B0E0FA} = {32E9C7D9-CC00-45F5-9AA2-A53B24C3280F}
		{DC9AFB47-348F-4CBF-8E00-23FE985C211A} = {32E9C7D9-CC00-45F5-9AA2-A53B24C3280F}
		{FA9F341E-FAA1-42C6-99B8-693A55C3D471} = {32E9C7D9-CC00-45F5-9AA2-A53B24C3280F}
		{88138947-C941-4C15-98DA-9CE6C8161AE1} = {32E9C7D9-CC00-45F5-9AA2-A53B24C3280F}
		{BEC3D8E4-1BCC-4D7B-B5D2-2BA37F005E99} = {32E9C7D9-CC00-45F5-9AA2-A53B24C3280F}
		{5BD94728-E543-4013-96E2-1110F87D896A} = {32E9C7D9-CC00-45F5-9AA2-A53B24C3280F}
		{35AD22CE-E92D-4DC5-9E21-E2A04B62C753} = {32E9C7D9-CC00-45F5-9AA2-A53B24C3280F}
		{4301A0A0-A226-4CD1-A4D4-4487829E22FD} = {32E9C7D9-CC00-45F5-9AA2-A53B24C3280F}
		{1288F98F-5AE4-47AB-AFDB-07AEF722C220} = {32E9C7D9-CC00-45F5-9AA2-A53B24C3280F}
		{62DC0DF1-3A49-4481-8F52-CB6DD39F5D54} = {32E9C7D9-CC00-45F5-9AA2-A53B24C3280F}
		{7E74E0C4-FF6C-4E6A-8124-BD6884A1DE6E} = {32E9C7D9-CC00-45F5-9AA2-A53B24C3280F}
		{AD69EA07-8E57-4DAB-8E00-CAA758CC675A} = {32E9C7D9-CC00-45F5-9AA2-A53B24C3280F}
		{1AF7F66A-FEA4-4242-AFC4-95A3B8F5A1ED} = {32E9C7D9-CC00-45F5-9AA2-A53B24C3280F}
		{C73D8BF2-E9EA-416F-9761-14E7E73C1DA5} = {329DEF25-5B4A-4C75-B402-1AFA9A419952}
		{10B251D1-A2E0-4ACA-B52E-33FEE1FE5BE4} = {329DEF25-5B4A-4C75-B402-1AFA9A419952}
		{E115873A-50CE-4511-AC95-EBA6281AB600} = {329DEF25-5B4A-4C75-B402-1AFA9A419952}
		{264BCE7C-06AF-4806-A6B7-CFC9B7110851} = {329DEF25-5B4A-4C75-B402-1AFA9A419952}
		{1014EFB5-7FC0-46D3-BCED-6C131B9387F5} = {329DEF25-5B4A-4C75-B402-1AFA9A419952}
		{92C0F46F-B7DA-4D3D-A241-FB7731E3CAFA} = {329DEF25-5B4A-4C75-B402-1AFA9A419952}
		{318E0BD4-D8B2-439F-B2FE-A909FE2805E0} = {329DEF25-5B4A-4C75-B402-1AFA9A419952}
		{C8FBA0EC-7DBA-4D6F-B2B6-8CEAFFF6A7D0} = {329DEF25-5B4A-4C75-B402-1AFA9A419952}
		{13FEA39A-A14E-43CB-B95C-5186E95F1BE5} = {329DEF25-5B4A-4C75-B402-1AFA9A419952}
		{C5A4CE6E-F31A-43B4-BE77-2EF41FD3B419} = {329DEF25-5B4A-4C75-B402-1AFA9A419952}
		{494939CB-EBDF-45CF-9673-0619485B8103} = {329DEF25-5B4A-4C75-B402-1AFA9A419952}
		{6F96B3FB-1AA1-43ED-9E62-78D9C472AE0B} = {329DEF25-5B4A-4C75-B402-1AFA9A419952}
		{9AE5C43E-EA39-438E-9A57-CD15E397AF82} = {329DEF25-5B4A-4C75-B402-1AFA9A419952}
		{DD061595-ACC9-4223-8BF4-4F013372FF07} = {329DEF25-5B4A-4C75-B402-1AFA9A419952}
		{4A6D28F8-D82C-482A-890D-690F4BD1D4AE} = {329DEF25-5B4A-4C75-B402-1AFA9A419952}
		{4EA87E87-4FE4-4497-BAA4-30D5484FBB14} = {329DEF25-5B4A-4C75-B402-1AFA9A419952}
		{DAEF1BB6-1E09-4099-A659-323C85D31754} = {329DEF25-5B4A-4C75-B402-1AFA9A419952}
		{BE1F8F76-6E1A-4382-B8FF-00652FA44F79} = {329DEF25-5B4A-4C75-B402-1AFA9A419952}
		{F858C870-49F7-4442-8871-3240D712AF7E} = {329DEF25-5B4A-4C75-B402-1AFA9A419952}
		{0F093A33-C01F-4FFE-8836-1EB086791C6B} = {329DEF25-5B4A-4C75-B402-1AFA9A419952}
		{FC7EEE40-A032-4ED3-83F6-24F8BE709E40} = {329DEF25-5B4A-4C75-B402-1AFA9A419952}
		{A325603C-9137-43AE-A426-00873BAC929B} = {329DEF25-5B4A-4C75-B402-1AFA9A419952}
		{687460B9-E7DF-44F4-9DA9-61BDB478CD82} = {329DEF25-5B4A-4C75-B402-1AFA9A419952}
		{A9ED1E12-F67C-40BB-804F-E886A67B86A5} = {32E9C7D9-CC00-45F5-9AA2-A53B24C3280F}
	EndGlobalSection
	GlobalSection(ExtensibilityGlobals) = postSolution
		SolutionGuid = {48A60FC9-9B5C-4DF2-8B61-E1B05E938532}
	EndGlobalSection
EndGlobal
