
Microsoft Visual Studio Solution File, Format Version 12.00
# Visual Studio 15
VisualStudioVersion = 15.0.27004.2002
MinimumVisualStudioVersion = 10.0.40219.1
Project("{FAE04EC0-301F-11D3-BF4B-00C04F79EFBC}") = "UnityCS", "UnityCS\UnityCS.csproj", "{56126686-F74E-454C-80D5-8517CC3D1B3C}"
EndProject
Project("{FAE04EC0-301F-11D3-BF4B-00C04F79EFBC}") = "wowow", "wowow\wowow.csproj", "{E9A7B38F-9B4C-40E8-94E0-C8051765990C}"
EndProject
Project("{2150E333-8FDC-42A3-9474-1A3956D46DE8}") = "Solution Items", "Solution Items", "{5488F781-3C0A-4870-8FAC-30DA02999D09}"
	ProjectSection(SolutionItems) = preProject
		Index.txt = Index.txt
	EndProjectSection
EndProject
Project("{2150E333-8FDC-42A3-9474-1A3956D46DE8}") = "Yeah", "Yeah", "{465198AA-96E3-4C1F-AB41-00FB5E569190}"
EndProject
Project("{FAE04EC0-301F-11D3-BF4B-00C04F79EFBC}") = "00_using", "00_using\00_using.csproj", "{89BFC3E8-00B3-485E-9395-FB01B2ACFE4A}"
EndProject
Project("{FAE04EC0-301F-11D3-BF4B-00C04F79EFBC}") = "01Class", "01Class\01Class.csproj", "{B45DCE13-B2D5-44DC-816D-C91C796A93CA}"
EndProject
Project("{FAE04EC0-301F-11D3-BF4B-00C04F79EFBC}") = "02NameSpace", "02NameSpace\02NameSpace.csproj", "{550CFE29-543E-49EF-8425-F09075E27610}"
EndProject
Project("{FAE04EC0-301F-11D3-BF4B-00C04F79EFBC}") = "03CodeStartAndReading", "03CodeStartAndReading\03CodeStartAndReading.csproj", "{17B47F73-937A-46D8-A2F6-5505B9E4F306}"
EndProject
Project("{FAE04EC0-301F-11D3-BF4B-00C04F79EFBC}") = "04MemberVar", "04MemberVar\04MemberVar.csproj", "{CA1BFCBA-2E93-453E-A6E3-953A07EA488F}"
EndProject
Project("{FAE04EC0-301F-11D3-BF4B-00C04F79EFBC}") = "05MemberFunc", "05MemberFunc\05MemberFunc.csproj", "{5ED17ABE-5B16-44A5-A4F9-EC7344CB3E9C}"
EndProject
Project("{FAE04EC0-301F-11D3-BF4B-00C04F79EFBC}") = "06LocalVar", "06LocalVar\06LocalVar.csproj", "{85B785E8-7D13-4717-8167-6F66EB6668E8}"
EndProject
Project("{FAE04EC0-301F-11D3-BF4B-00C04F79EFBC}") = "07ClasssAccess", "07ClasssAccess\07ClasssAccess.csproj", "{D1B0E7FD-0714-4733-8FDE-9E7E9728168D}"
EndProject
Project("{FAE04EC0-301F-11D3-BF4B-00C04F79EFBC}") = "08FuncEx", "08FuncEx\08FuncEx.csproj", "{12B9CAB1-53DC-467E-B193-D369C9175CB0}"
EndProject
Project("{FAE04EC0-301F-11D3-BF4B-00C04F79EFBC}") = "09Operator", "09Operator\09Operator.csproj", "{C9368738-D944-4F49-B4AE-8336FE7D496A}"
EndProject
Project("{FAE04EC0-301F-11D3-BF4B-00C04F79EFBC}") = "10Memory00(Func)", "10Memory00(Func)\10Memory00(Func).csproj", "{38D7D23F-DB19-487E-A1A3-6CD735FA9E17}"
EndProject
Project("{FAE04EC0-301F-11D3-BF4B-00C04F79EFBC}") = "11Memory01(Value)", "11Memory00(Value)\11Memory01(Value).csproj", "{1DB730A0-DB92-47B0-ACB7-835780936968}"
EndProject
Project("{FAE04EC0-301F-11D3-BF4B-00C04F79EFBC}") = "12Memory02(Reference)", "12Memory02(Reference)\12Memory02(Reference).csproj", "{087DC73B-885E-4FB2-A7C3-3B6374900B75}"
EndProject
Project("{FAE04EC0-301F-11D3-BF4B-00C04F79EFBC}") = "13StaticVar", "13StaticVar\13StaticVar.csproj", "{A4CB6961-F90B-4FDA-A3B6-FCE8AF0A6A0B}"
EndProject
Project("{FAE04EC0-301F-11D3-BF4B-00C04F79EFBC}") = "14StaticFunc", "14StaticFunc\14StaticFunc.csproj", "{FA648C22-3603-4608-844A-2E43D204EBF9}"
EndProject
Project("{FAE04EC0-301F-11D3-BF4B-00C04F79EFBC}") = "15StaticClass", "15StaticClass\15StaticClass.csproj", "{D114E244-6605-4CCF-81DE-6D4C2B03D3F4}"
EndProject
Project("{FAE04EC0-301F-11D3-BF4B-00C04F79EFBC}") = "16This", "16This\16This.csproj", "{9540597F-E4B7-40A3-B1AE-AA3A736D3D0A}"
EndProject
Project("{FAE04EC0-301F-11D3-BF4B-00C04F79EFBC}") = "17While_18for", "17While\17While_18for.csproj", "{78F10989-20E6-41C2-B18C-054F0E80140D}"
EndProject
Project("{FAE04EC0-301F-11D3-BF4B-00C04F79EFBC}") = "19If", "19If\19If.csproj", "{86F48450-A764-488C-A456-0CCFB9F49E58}"
EndProject
Project("{FAE04EC0-301F-11D3-BF4B-00C04F79EFBC}") = "20Switch", "20Switch\20Switch.csproj", "{3815926C-0ED3-4450-8FBD-9668F0E90F53}"
EndProject
Project("{FAE04EC0-301F-11D3-BF4B-00C04F79EFBC}") = "21Struct", "21Struct\21Struct.csproj", "{49BB8A5F-9F40-47A5-B7C6-CB997DFE09E5}"
EndProject
Project("{FAE04EC0-301F-11D3-BF4B-00C04F79EFBC}") = "22Enum", "22Enum\22Enum.csproj", "{FD7B9308-A118-44C4-B148-01BCA3A6BA76}"
EndProject
Project("{2150E333-8FDC-42A3-9474-1A3956D46DE8}") = "Game", "Game", "{60954F01-1FB0-48CD-B3AE-35EDE62A86B3}"
EndProject
Project("{FAE04EC0-301F-11D3-BF4B-00C04F79EFBC}") = "TextRpg001", "TextRpg001\TextRpg001.csproj", "{70B7682E-BD6A-42A0-8BDA-FB71E8AA04F0}"
EndProject
Project("{FAE04EC0-301F-11D3-BF4B-00C04F79EFBC}") = "23Inheritance", "23Inheritance\23Inheritance.csproj", "{505A02E0-15C4-45BC-82BD-8F3E0546EE35}"
EndProject
Project("{FAE04EC0-301F-11D3-BF4B-00C04F79EFBC}") = "24ClassConstructer", "24ClassConstructer\24ClassConstructer.csproj", "{0D19163B-939B-4FB2-A21B-6CF21080A222}"
EndProject
Project("{FAE04EC0-301F-11D3-BF4B-00C04F79EFBC}") = "25String01", "25String01\25String01.csproj", "{CB676E82-53A4-4736-874B-74BF246AC87E}"
EndProject
Project("{FAE04EC0-301F-11D3-BF4B-00C04F79EFBC}") = "26Property", "26Property\26Property.csproj", "{6F12E4D5-13F3-4BCA-9A3E-9BD9EE8A1294}"
EndProject
Project("{FAE04EC0-301F-11D3-BF4B-00C04F79EFBC}") = "27ClassFile", "27ClassFile\27ClassFile.csproj", "{6AE3186A-7768-471D-BFF2-AEFF2D7187C7}"
EndProject
Project("{FAE04EC0-301F-11D3-BF4B-00C04F79EFBC}") = "28Partial", "28Partial\28Partial.csproj", "{8B883C97-79CD-49D4-9ADF-B6796D932234}"
EndProject
Project("{FAE04EC0-301F-11D3-BF4B-00C04F79EFBC}") = "29OverLoading", "29OverLoading\29OverLoading.csproj", "{6B5F28D6-7817-443C-A858-09BDFDD44602}"
EndProject
Project("{FAE04EC0-301F-11D3-BF4B-00C04F79EFBC}") = "30OverWriting", "30OverWriting\30OverWriting.csproj", "{135FE5BF-F2BF-4407-B835-99205AF097BE}"
EndProject
Project("{FAE04EC0-301F-11D3-BF4B-00C04F79EFBC}") = "31Interface", "31Interpace\31Interface.csproj", "{134DBAA4-7F22-4BC1-B085-088F445C6A35}"
EndProject
Project("{FAE04EC0-301F-11D3-BF4B-00C04F79EFBC}") = "32Array", "32Array\32Array.csproj", "{48A8CF8B-8064-4DD0-9790-EC207FC12C32}"
EndProject
Project("{FAE04EC0-301F-11D3-BF4B-00C04F79EFBC}") = "33InvenSystem", "InvenSystem\33InvenSystem.csproj", "{7DFCAB66-0057-4CCA-9D53-5BFA382A3FE6}"
EndProject
Project("{FAE04EC0-301F-11D3-BF4B-00C04F79EFBC}") = "34Null", "34Null\34Null.csproj", "{4ABAE327-8A6D-481F-BA61-39DC5890DBD1}"
EndProject
Project("{FAE04EC0-301F-11D3-BF4B-00C04F79EFBC}") = "35BreakContinue", "34BreakContinue\35BreakContinue.csproj", "{B28A6A06-7763-46D0-B839-6B4A2C2B7396}"
EndProject
Project("{FAE04EC0-301F-11D3-BF4B-00C04F79EFBC}") = "36InnerUserDataType", "36InnerUserDataType\36InnerUserDataType.csproj", "{FDDB45BE-8CF3-482D-987F-0067B9799AEC}"
EndProject
Project("{FAE04EC0-301F-11D3-BF4B-00C04F79EFBC}") = "37Generic00", "37Generic00\37Generic00.csproj", "{E35B8954-F4E4-49BF-ACBC-42B4638E75CF}"
EndProject
Project("{FAE04EC0-301F-11D3-BF4B-00C04F79EFBC}") = "38Reference01", "38Reference01\38Reference01.csproj", "{0C9F2C6C-F616-4125-8B51-8B35246F541E}"
EndProject
Project("{8BC9CEB8-8B4A-11D0-8D11-00A0C91BC942}") = "Data_Structure", "Data_Structure\Data_Structure.vcxproj", "{3E794ED8-BE67-4503-853D-93C8EC22BD28}"
EndProject
Global
	GlobalSection(SolutionConfigurationPlatforms) = preSolution
		Debug|Any CPU = Debug|Any CPU
		Debug|x64 = Debug|x64
		Debug|x86 = Debug|x86
		Release|Any CPU = Release|Any CPU
		Release|x64 = Release|x64
		Release|x86 = Release|x86
	EndGlobalSection
	GlobalSection(ProjectConfigurationPlatforms) = postSolution
		{56126686-F74E-454C-80D5-8517CC3D1B3C}.Debug|Any CPU.ActiveCfg = Debug|Any CPU
		{56126686-F74E-454C-80D5-8517CC3D1B3C}.Debug|Any CPU.Build.0 = Debug|Any CPU
		{56126686-F74E-454C-80D5-8517CC3D1B3C}.Debug|x64.ActiveCfg = Debug|Any CPU
		{56126686-F74E-454C-80D5-8517CC3D1B3C}.Debug|x64.Build.0 = Debug|Any CPU
		{56126686-F74E-454C-80D5-8517CC3D1B3C}.Debug|x86.ActiveCfg = Debug|Any CPU
		{56126686-F74E-454C-80D5-8517CC3D1B3C}.Debug|x86.Build.0 = Debug|Any CPU
		{56126686-F74E-454C-80D5-8517CC3D1B3C}.Release|Any CPU.ActiveCfg = Release|Any CPU
		{56126686-F74E-454C-80D5-8517CC3D1B3C}.Release|Any CPU.Build.0 = Release|Any CPU
		{56126686-F74E-454C-80D5-8517CC3D1B3C}.Release|x64.ActiveCfg = Release|Any CPU
		{56126686-F74E-454C-80D5-8517CC3D1B3C}.Release|x64.Build.0 = Release|Any CPU
		{56126686-F74E-454C-80D5-8517CC3D1B3C}.Release|x86.ActiveCfg = Release|Any CPU
		{56126686-F74E-454C-80D5-8517CC3D1B3C}.Release|x86.Build.0 = Release|Any CPU
		{E9A7B38F-9B4C-40E8-94E0-C8051765990C}.Debug|Any CPU.ActiveCfg = Debug|Any CPU
		{E9A7B38F-9B4C-40E8-94E0-C8051765990C}.Debug|Any CPU.Build.0 = Debug|Any CPU
		{E9A7B38F-9B4C-40E8-94E0-C8051765990C}.Debug|x64.ActiveCfg = Debug|Any CPU
		{E9A7B38F-9B4C-40E8-94E0-C8051765990C}.Debug|x64.Build.0 = Debug|Any CPU
		{E9A7B38F-9B4C-40E8-94E0-C8051765990C}.Debug|x86.ActiveCfg = Debug|Any CPU
		{E9A7B38F-9B4C-40E8-94E0-C8051765990C}.Debug|x86.Build.0 = Debug|Any CPU
		{E9A7B38F-9B4C-40E8-94E0-C8051765990C}.Release|Any CPU.ActiveCfg = Release|Any CPU
		{E9A7B38F-9B4C-40E8-94E0-C8051765990C}.Release|Any CPU.Build.0 = Release|Any CPU
		{E9A7B38F-9B4C-40E8-94E0-C8051765990C}.Release|x64.ActiveCfg = Release|Any CPU
		{E9A7B38F-9B4C-40E8-94E0-C8051765990C}.Release|x64.Build.0 = Release|Any CPU
		{E9A7B38F-9B4C-40E8-94E0-C8051765990C}.Release|x86.ActiveCfg = Release|Any CPU
		{E9A7B38F-9B4C-40E8-94E0-C8051765990C}.Release|x86.Build.0 = Release|Any CPU
		{89BFC3E8-00B3-485E-9395-FB01B2ACFE4A}.Debug|Any CPU.ActiveCfg = Debug|Any CPU
		{89BFC3E8-00B3-485E-9395-FB01B2ACFE4A}.Debug|Any CPU.Build.0 = Debug|Any CPU
		{89BFC3E8-00B3-485E-9395-FB01B2ACFE4A}.Debug|x64.ActiveCfg = Debug|Any CPU
		{89BFC3E8-00B3-485E-9395-FB01B2ACFE4A}.Debug|x64.Build.0 = Debug|Any CPU
		{89BFC3E8-00B3-485E-9395-FB01B2ACFE4A}.Debug|x86.ActiveCfg = Debug|Any CPU
		{89BFC3E8-00B3-485E-9395-FB01B2ACFE4A}.Debug|x86.Build.0 = Debug|Any CPU
		{89BFC3E8-00B3-485E-9395-FB01B2ACFE4A}.Release|Any CPU.ActiveCfg = Release|Any CPU
		{89BFC3E8-00B3-485E-9395-FB01B2ACFE4A}.Release|Any CPU.Build.0 = Release|Any CPU
		{89BFC3E8-00B3-485E-9395-FB01B2ACFE4A}.Release|x64.ActiveCfg = Release|Any CPU
		{89BFC3E8-00B3-485E-9395-FB01B2ACFE4A}.Release|x64.Build.0 = Release|Any CPU
		{89BFC3E8-00B3-485E-9395-FB01B2ACFE4A}.Release|x86.ActiveCfg = Release|Any CPU
		{89BFC3E8-00B3-485E-9395-FB01B2ACFE4A}.Release|x86.Build.0 = Release|Any CPU
		{B45DCE13-B2D5-44DC-816D-C91C796A93CA}.Debug|Any CPU.ActiveCfg = Debug|Any CPU
		{B45DCE13-B2D5-44DC-816D-C91C796A93CA}.Debug|Any CPU.Build.0 = Debug|Any CPU
		{B45DCE13-B2D5-44DC-816D-C91C796A93CA}.Debug|x64.ActiveCfg = Debug|Any CPU
		{B45DCE13-B2D5-44DC-816D-C91C796A93CA}.Debug|x64.Build.0 = Debug|Any CPU
		{B45DCE13-B2D5-44DC-816D-C91C796A93CA}.Debug|x86.ActiveCfg = Debug|Any CPU
		{B45DCE13-B2D5-44DC-816D-C91C796A93CA}.Debug|x86.Build.0 = Debug|Any CPU
		{B45DCE13-B2D5-44DC-816D-C91C796A93CA}.Release|Any CPU.ActiveCfg = Release|Any CPU
		{B45DCE13-B2D5-44DC-816D-C91C796A93CA}.Release|Any CPU.Build.0 = Release|Any CPU
		{B45DCE13-B2D5-44DC-816D-C91C796A93CA}.Release|x64.ActiveCfg = Release|Any CPU
		{B45DCE13-B2D5-44DC-816D-C91C796A93CA}.Release|x64.Build.0 = Release|Any CPU
		{B45DCE13-B2D5-44DC-816D-C91C796A93CA}.Release|x86.ActiveCfg = Release|Any CPU
		{B45DCE13-B2D5-44DC-816D-C91C796A93CA}.Release|x86.Build.0 = Release|Any CPU
		{550CFE29-543E-49EF-8425-F09075E27610}.Debug|Any CPU.ActiveCfg = Debug|Any CPU
		{550CFE29-543E-49EF-8425-F09075E27610}.Debug|Any CPU.Build.0 = Debug|Any CPU
		{550CFE29-543E-49EF-8425-F09075E27610}.Debug|x64.ActiveCfg = Debug|Any CPU
		{550CFE29-543E-49EF-8425-F09075E27610}.Debug|x64.Build.0 = Debug|Any CPU
		{550CFE29-543E-49EF-8425-F09075E27610}.Debug|x86.ActiveCfg = Debug|Any CPU
		{550CFE29-543E-49EF-8425-F09075E27610}.Debug|x86.Build.0 = Debug|Any CPU
		{550CFE29-543E-49EF-8425-F09075E27610}.Release|Any CPU.ActiveCfg = Release|Any CPU
		{550CFE29-543E-49EF-8425-F09075E27610}.Release|Any CPU.Build.0 = Release|Any CPU
		{550CFE29-543E-49EF-8425-F09075E27610}.Release|x64.ActiveCfg = Release|Any CPU
		{550CFE29-543E-49EF-8425-F09075E27610}.Release|x64.Build.0 = Release|Any CPU
		{550CFE29-543E-49EF-8425-F09075E27610}.Release|x86.ActiveCfg = Release|Any CPU
		{550CFE29-543E-49EF-8425-F09075E27610}.Release|x86.Build.0 = Release|Any CPU
		{17B47F73-937A-46D8-A2F6-5505B9E4F306}.Debug|Any CPU.ActiveCfg = Debug|Any CPU
		{17B47F73-937A-46D8-A2F6-5505B9E4F306}.Debug|Any CPU.Build.0 = Debug|Any CPU
		{17B47F73-937A-46D8-A2F6-5505B9E4F306}.Debug|x64.ActiveCfg = Debug|Any CPU
		{17B47F73-937A-46D8-A2F6-5505B9E4F306}.Debug|x64.Build.0 = Debug|Any CPU
		{17B47F73-937A-46D8-A2F6-5505B9E4F306}.Debug|x86.ActiveCfg = Debug|Any CPU
		{17B47F73-937A-46D8-A2F6-5505B9E4F306}.Debug|x86.Build.0 = Debug|Any CPU
		{17B47F73-937A-46D8-A2F6-5505B9E4F306}.Release|Any CPU.ActiveCfg = Release|Any CPU
		{17B47F73-937A-46D8-A2F6-5505B9E4F306}.Release|Any CPU.Build.0 = Release|Any CPU
		{17B47F73-937A-46D8-A2F6-5505B9E4F306}.Release|x64.ActiveCfg = Release|Any CPU
		{17B47F73-937A-46D8-A2F6-5505B9E4F306}.Release|x64.Build.0 = Release|Any CPU
		{17B47F73-937A-46D8-A2F6-5505B9E4F306}.Release|x86.ActiveCfg = Release|Any CPU
		{17B47F73-937A-46D8-A2F6-5505B9E4F306}.Release|x86.Build.0 = Release|Any CPU
		{CA1BFCBA-2E93-453E-A6E3-953A07EA488F}.Debug|Any CPU.ActiveCfg = Debug|Any CPU
		{CA1BFCBA-2E93-453E-A6E3-953A07EA488F}.Debug|Any CPU.Build.0 = Debug|Any CPU
		{CA1BFCBA-2E93-453E-A6E3-953A07EA488F}.Debug|x64.ActiveCfg = Debug|Any CPU
		{CA1BFCBA-2E93-453E-A6E3-953A07EA488F}.Debug|x64.Build.0 = Debug|Any CPU
		{CA1BFCBA-2E93-453E-A6E3-953A07EA488F}.Debug|x86.ActiveCfg = Debug|Any CPU
		{CA1BFCBA-2E93-453E-A6E3-953A07EA488F}.Debug|x86.Build.0 = Debug|Any CPU
		{CA1BFCBA-2E93-453E-A6E3-953A07EA488F}.Release|Any CPU.ActiveCfg = Release|Any CPU
		{CA1BFCBA-2E93-453E-A6E3-953A07EA488F}.Release|Any CPU.Build.0 = Release|Any CPU
		{CA1BFCBA-2E93-453E-A6E3-953A07EA488F}.Release|x64.ActiveCfg = Release|Any CPU
		{CA1BFCBA-2E93-453E-A6E3-953A07EA488F}.Release|x64.Build.0 = Release|Any CPU
		{CA1BFCBA-2E93-453E-A6E3-953A07EA488F}.Release|x86.ActiveCfg = Release|Any CPU
		{CA1BFCBA-2E93-453E-A6E3-953A07EA488F}.Release|x86.Build.0 = Release|Any CPU
		{5ED17ABE-5B16-44A5-A4F9-EC7344CB3E9C}.Debug|Any CPU.ActiveCfg = Debug|Any CPU
		{5ED17ABE-5B16-44A5-A4F9-EC7344CB3E9C}.Debug|Any CPU.Build.0 = Debug|Any CPU
		{5ED17ABE-5B16-44A5-A4F9-EC7344CB3E9C}.Debug|x64.ActiveCfg = Debug|Any CPU
		{5ED17ABE-5B16-44A5-A4F9-EC7344CB3E9C}.Debug|x64.Build.0 = Debug|Any CPU
		{5ED17ABE-5B16-44A5-A4F9-EC7344CB3E9C}.Debug|x86.ActiveCfg = Debug|Any CPU
		{5ED17ABE-5B16-44A5-A4F9-EC7344CB3E9C}.Debug|x86.Build.0 = Debug|Any CPU
		{5ED17ABE-5B16-44A5-A4F9-EC7344CB3E9C}.Release|Any CPU.ActiveCfg = Release|Any CPU
		{5ED17ABE-5B16-44A5-A4F9-EC7344CB3E9C}.Release|Any CPU.Build.0 = Release|Any CPU
		{5ED17ABE-5B16-44A5-A4F9-EC7344CB3E9C}.Release|x64.ActiveCfg = Release|Any CPU
		{5ED17ABE-5B16-44A5-A4F9-EC7344CB3E9C}.Release|x64.Build.0 = Release|Any CPU
		{5ED17ABE-5B16-44A5-A4F9-EC7344CB3E9C}.Release|x86.ActiveCfg = Release|Any CPU
		{5ED17ABE-5B16-44A5-A4F9-EC7344CB3E9C}.Release|x86.Build.0 = Release|Any CPU
		{85B785E8-7D13-4717-8167-6F66EB6668E8}.Debug|Any CPU.ActiveCfg = Debug|Any CPU
		{85B785E8-7D13-4717-8167-6F66EB6668E8}.Debug|Any CPU.Build.0 = Debug|Any CPU
		{85B785E8-7D13-4717-8167-6F66EB6668E8}.Debug|x64.ActiveCfg = Debug|Any CPU
		{85B785E8-7D13-4717-8167-6F66EB6668E8}.Debug|x64.Build.0 = Debug|Any CPU
		{85B785E8-7D13-4717-8167-6F66EB6668E8}.Debug|x86.ActiveCfg = Debug|Any CPU
		{85B785E8-7D13-4717-8167-6F66EB6668E8}.Debug|x86.Build.0 = Debug|Any CPU
		{85B785E8-7D13-4717-8167-6F66EB6668E8}.Release|Any CPU.ActiveCfg = Release|Any CPU
		{85B785E8-7D13-4717-8167-6F66EB6668E8}.Release|Any CPU.Build.0 = Release|Any CPU
		{85B785E8-7D13-4717-8167-6F66EB6668E8}.Release|x64.ActiveCfg = Release|Any CPU
		{85B785E8-7D13-4717-8167-6F66EB6668E8}.Release|x64.Build.0 = Release|Any CPU
		{85B785E8-7D13-4717-8167-6F66EB6668E8}.Release|x86.ActiveCfg = Release|Any CPU
		{85B785E8-7D13-4717-8167-6F66EB6668E8}.Release|x86.Build.0 = Release|Any CPU
		{D1B0E7FD-0714-4733-8FDE-9E7E9728168D}.Debug|Any CPU.ActiveCfg = Debug|Any CPU
		{D1B0E7FD-0714-4733-8FDE-9E7E9728168D}.Debug|Any CPU.Build.0 = Debug|Any CPU
		{D1B0E7FD-0714-4733-8FDE-9E7E9728168D}.Debug|x64.ActiveCfg = Debug|Any CPU
		{D1B0E7FD-0714-4733-8FDE-9E7E9728168D}.Debug|x64.Build.0 = Debug|Any CPU
		{D1B0E7FD-0714-4733-8FDE-9E7E9728168D}.Debug|x86.ActiveCfg = Debug|Any CPU
		{D1B0E7FD-0714-4733-8FDE-9E7E9728168D}.Debug|x86.Build.0 = Debug|Any CPU
		{D1B0E7FD-0714-4733-8FDE-9E7E9728168D}.Release|Any CPU.ActiveCfg = Release|Any CPU
		{D1B0E7FD-0714-4733-8FDE-9E7E9728168D}.Release|Any CPU.Build.0 = Release|Any CPU
		{D1B0E7FD-0714-4733-8FDE-9E7E9728168D}.Release|x64.ActiveCfg = Release|Any CPU
		{D1B0E7FD-0714-4733-8FDE-9E7E9728168D}.Release|x64.Build.0 = Release|Any CPU
		{D1B0E7FD-0714-4733-8FDE-9E7E9728168D}.Release|x86.ActiveCfg = Release|Any CPU
		{D1B0E7FD-0714-4733-8FDE-9E7E9728168D}.Release|x86.Build.0 = Release|Any CPU
		{12B9CAB1-53DC-467E-B193-D369C9175CB0}.Debug|Any CPU.ActiveCfg = Debug|Any CPU
		{12B9CAB1-53DC-467E-B193-D369C9175CB0}.Debug|Any CPU.Build.0 = Debug|Any CPU
		{12B9CAB1-53DC-467E-B193-D369C9175CB0}.Debug|x64.ActiveCfg = Debug|Any CPU
		{12B9CAB1-53DC-467E-B193-D369C9175CB0}.Debug|x64.Build.0 = Debug|Any CPU
		{12B9CAB1-53DC-467E-B193-D369C9175CB0}.Debug|x86.ActiveCfg = Debug|Any CPU
		{12B9CAB1-53DC-467E-B193-D369C9175CB0}.Debug|x86.Build.0 = Debug|Any CPU
		{12B9CAB1-53DC-467E-B193-D369C9175CB0}.Release|Any CPU.ActiveCfg = Release|Any CPU
		{12B9CAB1-53DC-467E-B193-D369C9175CB0}.Release|Any CPU.Build.0 = Release|Any CPU
		{12B9CAB1-53DC-467E-B193-D369C9175CB0}.Release|x64.ActiveCfg = Release|Any CPU
		{12B9CAB1-53DC-467E-B193-D369C9175CB0}.Release|x64.Build.0 = Release|Any CPU
		{12B9CAB1-53DC-467E-B193-D369C9175CB0}.Release|x86.ActiveCfg = Release|Any CPU
		{12B9CAB1-53DC-467E-B193-D369C9175CB0}.Release|x86.Build.0 = Release|Any CPU
		{C9368738-D944-4F49-B4AE-8336FE7D496A}.Debug|Any CPU.ActiveCfg = Debug|Any CPU
		{C9368738-D944-4F49-B4AE-8336FE7D496A}.Debug|Any CPU.Build.0 = Debug|Any CPU
		{C9368738-D944-4F49-B4AE-8336FE7D496A}.Debug|x64.ActiveCfg = Debug|Any CPU
		{C9368738-D944-4F49-B4AE-8336FE7D496A}.Debug|x64.Build.0 = Debug|Any CPU
		{C9368738-D944-4F49-B4AE-8336FE7D496A}.Debug|x86.ActiveCfg = Debug|Any CPU
		{C9368738-D944-4F49-B4AE-8336FE7D496A}.Debug|x86.Build.0 = Debug|Any CPU
		{C9368738-D944-4F49-B4AE-8336FE7D496A}.Release|Any CPU.ActiveCfg = Release|Any CPU
		{C9368738-D944-4F49-B4AE-8336FE7D496A}.Release|Any CPU.Build.0 = Release|Any CPU
		{C9368738-D944-4F49-B4AE-8336FE7D496A}.Release|x64.ActiveCfg = Release|Any CPU
		{C9368738-D944-4F49-B4AE-8336FE7D496A}.Release|x64.Build.0 = Release|Any CPU
		{C9368738-D944-4F49-B4AE-8336FE7D496A}.Release|x86.ActiveCfg = Release|Any CPU
		{C9368738-D944-4F49-B4AE-8336FE7D496A}.Release|x86.Build.0 = Release|Any CPU
		{38D7D23F-DB19-487E-A1A3-6CD735FA9E17}.Debug|Any CPU.ActiveCfg = Debug|Any CPU
		{38D7D23F-DB19-487E-A1A3-6CD735FA9E17}.Debug|Any CPU.Build.0 = Debug|Any CPU
		{38D7D23F-DB19-487E-A1A3-6CD735FA9E17}.Debug|x64.ActiveCfg = Debug|Any CPU
		{38D7D23F-DB19-487E-A1A3-6CD735FA9E17}.Debug|x64.Build.0 = Debug|Any CPU
		{38D7D23F-DB19-487E-A1A3-6CD735FA9E17}.Debug|x86.ActiveCfg = Debug|Any CPU
		{38D7D23F-DB19-487E-A1A3-6CD735FA9E17}.Debug|x86.Build.0 = Debug|Any CPU
		{38D7D23F-DB19-487E-A1A3-6CD735FA9E17}.Release|Any CPU.ActiveCfg = Release|Any CPU
		{38D7D23F-DB19-487E-A1A3-6CD735FA9E17}.Release|Any CPU.Build.0 = Release|Any CPU
		{38D7D23F-DB19-487E-A1A3-6CD735FA9E17}.Release|x64.ActiveCfg = Release|Any CPU
		{38D7D23F-DB19-487E-A1A3-6CD735FA9E17}.Release|x64.Build.0 = Release|Any CPU
		{38D7D23F-DB19-487E-A1A3-6CD735FA9E17}.Release|x86.ActiveCfg = Release|Any CPU
		{38D7D23F-DB19-487E-A1A3-6CD735FA9E17}.Release|x86.Build.0 = Release|Any CPU
		{1DB730A0-DB92-47B0-ACB7-835780936968}.Debug|Any CPU.ActiveCfg = Debug|Any CPU
		{1DB730A0-DB92-47B0-ACB7-835780936968}.Debug|Any CPU.Build.0 = Debug|Any CPU
		{1DB730A0-DB92-47B0-ACB7-835780936968}.Debug|x64.ActiveCfg = Debug|Any CPU
		{1DB730A0-DB92-47B0-ACB7-835780936968}.Debug|x64.Build.0 = Debug|Any CPU
		{1DB730A0-DB92-47B0-ACB7-835780936968}.Debug|x86.ActiveCfg = Debug|Any CPU
		{1DB730A0-DB92-47B0-ACB7-835780936968}.Debug|x86.Build.0 = Debug|Any CPU
		{1DB730A0-DB92-47B0-ACB7-835780936968}.Release|Any CPU.ActiveCfg = Release|Any CPU
		{1DB730A0-DB92-47B0-ACB7-835780936968}.Release|Any CPU.Build.0 = Release|Any CPU
		{1DB730A0-DB92-47B0-ACB7-835780936968}.Release|x64.ActiveCfg = Release|Any CPU
		{1DB730A0-DB92-47B0-ACB7-835780936968}.Release|x64.Build.0 = Release|Any CPU
		{1DB730A0-DB92-47B0-ACB7-835780936968}.Release|x86.ActiveCfg = Release|Any CPU
		{1DB730A0-DB92-47B0-ACB7-835780936968}.Release|x86.Build.0 = Release|Any CPU
		{087DC73B-885E-4FB2-A7C3-3B6374900B75}.Debug|Any CPU.ActiveCfg = Debug|Any CPU
		{087DC73B-885E-4FB2-A7C3-3B6374900B75}.Debug|Any CPU.Build.0 = Debug|Any CPU
		{087DC73B-885E-4FB2-A7C3-3B6374900B75}.Debug|x64.ActiveCfg = Debug|Any CPU
		{087DC73B-885E-4FB2-A7C3-3B6374900B75}.Debug|x64.Build.0 = Debug|Any CPU
		{087DC73B-885E-4FB2-A7C3-3B6374900B75}.Debug|x86.ActiveCfg = Debug|Any CPU
		{087DC73B-885E-4FB2-A7C3-3B6374900B75}.Debug|x86.Build.0 = Debug|Any CPU
		{087DC73B-885E-4FB2-A7C3-3B6374900B75}.Release|Any CPU.ActiveCfg = Release|Any CPU
		{087DC73B-885E-4FB2-A7C3-3B6374900B75}.Release|Any CPU.Build.0 = Release|Any CPU
		{087DC73B-885E-4FB2-A7C3-3B6374900B75}.Release|x64.ActiveCfg = Release|Any CPU
		{087DC73B-885E-4FB2-A7C3-3B6374900B75}.Release|x64.Build.0 = Release|Any CPU
		{087DC73B-885E-4FB2-A7C3-3B6374900B75}.Release|x86.ActiveCfg = Release|Any CPU
		{087DC73B-885E-4FB2-A7C3-3B6374900B75}.Release|x86.Build.0 = Release|Any CPU
		{A4CB6961-F90B-4FDA-A3B6-FCE8AF0A6A0B}.Debug|Any CPU.ActiveCfg = Debug|Any CPU
		{A4CB6961-F90B-4FDA-A3B6-FCE8AF0A6A0B}.Debug|Any CPU.Build.0 = Debug|Any CPU
		{A4CB6961-F90B-4FDA-A3B6-FCE8AF0A6A0B}.Debug|x64.ActiveCfg = Debug|Any CPU
		{A4CB6961-F90B-4FDA-A3B6-FCE8AF0A6A0B}.Debug|x64.Build.0 = Debug|Any CPU
		{A4CB6961-F90B-4FDA-A3B6-FCE8AF0A6A0B}.Debug|x86.ActiveCfg = Debug|Any CPU
		{A4CB6961-F90B-4FDA-A3B6-FCE8AF0A6A0B}.Debug|x86.Build.0 = Debug|Any CPU
		{A4CB6961-F90B-4FDA-A3B6-FCE8AF0A6A0B}.Release|Any CPU.ActiveCfg = Release|Any CPU
		{A4CB6961-F90B-4FDA-A3B6-FCE8AF0A6A0B}.Release|Any CPU.Build.0 = Release|Any CPU
		{A4CB6961-F90B-4FDA-A3B6-FCE8AF0A6A0B}.Release|x64.ActiveCfg = Release|Any CPU
		{A4CB6961-F90B-4FDA-A3B6-FCE8AF0A6A0B}.Release|x64.Build.0 = Release|Any CPU
		{A4CB6961-F90B-4FDA-A3B6-FCE8AF0A6A0B}.Release|x86.ActiveCfg = Release|Any CPU
		{A4CB6961-F90B-4FDA-A3B6-FCE8AF0A6A0B}.Release|x86.Build.0 = Release|Any CPU
		{FA648C22-3603-4608-844A-2E43D204EBF9}.Debug|Any CPU.ActiveCfg = Debug|Any CPU
		{FA648C22-3603-4608-844A-2E43D204EBF9}.Debug|Any CPU.Build.0 = Debug|Any CPU
		{FA648C22-3603-4608-844A-2E43D204EBF9}.Debug|x64.ActiveCfg = Debug|Any CPU
		{FA648C22-3603-4608-844A-2E43D204EBF9}.Debug|x64.Build.0 = Debug|Any CPU
		{FA648C22-3603-4608-844A-2E43D204EBF9}.Debug|x86.ActiveCfg = Debug|Any CPU
		{FA648C22-3603-4608-844A-2E43D204EBF9}.Debug|x86.Build.0 = Debug|Any CPU
		{FA648C22-3603-4608-844A-2E43D204EBF9}.Release|Any CPU.ActiveCfg = Release|Any CPU
		{FA648C22-3603-4608-844A-2E43D204EBF9}.Release|Any CPU.Build.0 = Release|Any CPU
		{FA648C22-3603-4608-844A-2E43D204EBF9}.Release|x64.ActiveCfg = Release|Any CPU
		{FA648C22-3603-4608-844A-2E43D204EBF9}.Release|x64.Build.0 = Release|Any CPU
		{FA648C22-3603-4608-844A-2E43D204EBF9}.Release|x86.ActiveCfg = Release|Any CPU
		{FA648C22-3603-4608-844A-2E43D204EBF9}.Release|x86.Build.0 = Release|Any CPU
		{D114E244-6605-4CCF-81DE-6D4C2B03D3F4}.Debug|Any CPU.ActiveCfg = Debug|Any CPU
		{D114E244-6605-4CCF-81DE-6D4C2B03D3F4}.Debug|Any CPU.Build.0 = Debug|Any CPU
		{D114E244-6605-4CCF-81DE-6D4C2B03D3F4}.Debug|x64.ActiveCfg = Debug|Any CPU
		{D114E244-6605-4CCF-81DE-6D4C2B03D3F4}.Debug|x64.Build.0 = Debug|Any CPU
		{D114E244-6605-4CCF-81DE-6D4C2B03D3F4}.Debug|x86.ActiveCfg = Debug|Any CPU
		{D114E244-6605-4CCF-81DE-6D4C2B03D3F4}.Debug|x86.Build.0 = Debug|Any CPU
		{D114E244-6605-4CCF-81DE-6D4C2B03D3F4}.Release|Any CPU.ActiveCfg = Release|Any CPU
		{D114E244-6605-4CCF-81DE-6D4C2B03D3F4}.Release|Any CPU.Build.0 = Release|Any CPU
		{D114E244-6605-4CCF-81DE-6D4C2B03D3F4}.Release|x64.ActiveCfg = Release|Any CPU
		{D114E244-6605-4CCF-81DE-6D4C2B03D3F4}.Release|x64.Build.0 = Release|Any CPU
		{D114E244-6605-4CCF-81DE-6D4C2B03D3F4}.Release|x86.ActiveCfg = Release|Any CPU
		{D114E244-6605-4CCF-81DE-6D4C2B03D3F4}.Release|x86.Build.0 = Release|Any CPU
		{9540597F-E4B7-40A3-B1AE-AA3A736D3D0A}.Debug|Any CPU.ActiveCfg = Debug|Any CPU
		{9540597F-E4B7-40A3-B1AE-AA3A736D3D0A}.Debug|Any CPU.Build.0 = Debug|Any CPU
		{9540597F-E4B7-40A3-B1AE-AA3A736D3D0A}.Debug|x64.ActiveCfg = Debug|Any CPU
		{9540597F-E4B7-40A3-B1AE-AA3A736D3D0A}.Debug|x64.Build.0 = Debug|Any CPU
		{9540597F-E4B7-40A3-B1AE-AA3A736D3D0A}.Debug|x86.ActiveCfg = Debug|Any CPU
		{9540597F-E4B7-40A3-B1AE-AA3A736D3D0A}.Debug|x86.Build.0 = Debug|Any CPU
		{9540597F-E4B7-40A3-B1AE-AA3A736D3D0A}.Release|Any CPU.ActiveCfg = Release|Any CPU
		{9540597F-E4B7-40A3-B1AE-AA3A736D3D0A}.Release|Any CPU.Build.0 = Release|Any CPU
		{9540597F-E4B7-40A3-B1AE-AA3A736D3D0A}.Release|x64.ActiveCfg = Release|Any CPU
		{9540597F-E4B7-40A3-B1AE-AA3A736D3D0A}.Release|x64.Build.0 = Release|Any CPU
		{9540597F-E4B7-40A3-B1AE-AA3A736D3D0A}.Release|x86.ActiveCfg = Release|Any CPU
		{9540597F-E4B7-40A3-B1AE-AA3A736D3D0A}.Release|x86.Build.0 = Release|Any CPU
		{78F10989-20E6-41C2-B18C-054F0E80140D}.Debug|Any CPU.ActiveCfg = Debug|Any CPU
		{78F10989-20E6-41C2-B18C-054F0E80140D}.Debug|Any CPU.Build.0 = Debug|Any CPU
		{78F10989-20E6-41C2-B18C-054F0E80140D}.Debug|x64.ActiveCfg = Debug|Any CPU
		{78F10989-20E6-41C2-B18C-054F0E80140D}.Debug|x64.Build.0 = Debug|Any CPU
		{78F10989-20E6-41C2-B18C-054F0E80140D}.Debug|x86.ActiveCfg = Debug|Any CPU
		{78F10989-20E6-41C2-B18C-054F0E80140D}.Debug|x86.Build.0 = Debug|Any CPU
		{78F10989-20E6-41C2-B18C-054F0E80140D}.Release|Any CPU.ActiveCfg = Release|Any CPU
		{78F10989-20E6-41C2-B18C-054F0E80140D}.Release|Any CPU.Build.0 = Release|Any CPU
		{78F10989-20E6-41C2-B18C-054F0E80140D}.Release|x64.ActiveCfg = Release|Any CPU
		{78F10989-20E6-41C2-B18C-054F0E80140D}.Release|x64.Build.0 = Release|Any CPU
		{78F10989-20E6-41C2-B18C-054F0E80140D}.Release|x86.ActiveCfg = Release|Any CPU
		{78F10989-20E6-41C2-B18C-054F0E80140D}.Release|x86.Build.0 = Release|Any CPU
		{86F48450-A764-488C-A456-0CCFB9F49E58}.Debug|Any CPU.ActiveCfg = Debug|Any CPU
		{86F48450-A764-488C-A456-0CCFB9F49E58}.Debug|Any CPU.Build.0 = Debug|Any CPU
		{86F48450-A764-488C-A456-0CCFB9F49E58}.Debug|x64.ActiveCfg = Debug|Any CPU
		{86F48450-A764-488C-A456-0CCFB9F49E58}.Debug|x64.Build.0 = Debug|Any CPU
		{86F48450-A764-488C-A456-0CCFB9F49E58}.Debug|x86.ActiveCfg = Debug|Any CPU
		{86F48450-A764-488C-A456-0CCFB9F49E58}.Debug|x86.Build.0 = Debug|Any CPU
		{86F48450-A764-488C-A456-0CCFB9F49E58}.Release|Any CPU.ActiveCfg = Release|Any CPU
		{86F48450-A764-488C-A456-0CCFB9F49E58}.Release|Any CPU.Build.0 = Release|Any CPU
		{86F48450-A764-488C-A456-0CCFB9F49E58}.Release|x64.ActiveCfg = Release|Any CPU
		{86F48450-A764-488C-A456-0CCFB9F49E58}.Release|x64.Build.0 = Release|Any CPU
		{86F48450-A764-488C-A456-0CCFB9F49E58}.Release|x86.ActiveCfg = Release|Any CPU
		{86F48450-A764-488C-A456-0CCFB9F49E58}.Release|x86.Build.0 = Release|Any CPU
		{3815926C-0ED3-4450-8FBD-9668F0E90F53}.Debug|Any CPU.ActiveCfg = Debug|Any CPU
		{3815926C-0ED3-4450-8FBD-9668F0E90F53}.Debug|Any CPU.Build.0 = Debug|Any CPU
		{3815926C-0ED3-4450-8FBD-9668F0E90F53}.Debug|x64.ActiveCfg = Debug|Any CPU
		{3815926C-0ED3-4450-8FBD-9668F0E90F53}.Debug|x64.Build.0 = Debug|Any CPU
		{3815926C-0ED3-4450-8FBD-9668F0E90F53}.Debug|x86.ActiveCfg = Debug|Any CPU
		{3815926C-0ED3-4450-8FBD-9668F0E90F53}.Debug|x86.Build.0 = Debug|Any CPU
		{3815926C-0ED3-4450-8FBD-9668F0E90F53}.Release|Any CPU.ActiveCfg = Release|Any CPU
		{3815926C-0ED3-4450-8FBD-9668F0E90F53}.Release|Any CPU.Build.0 = Release|Any CPU
		{3815926C-0ED3-4450-8FBD-9668F0E90F53}.Release|x64.ActiveCfg = Release|Any CPU
		{3815926C-0ED3-4450-8FBD-9668F0E90F53}.Release|x64.Build.0 = Release|Any CPU
		{3815926C-0ED3-4450-8FBD-9668F0E90F53}.Release|x86.ActiveCfg = Release|Any CPU
		{3815926C-0ED3-4450-8FBD-9668F0E90F53}.Release|x86.Build.0 = Release|Any CPU
		{49BB8A5F-9F40-47A5-B7C6-CB997DFE09E5}.Debug|Any CPU.ActiveCfg = Debug|Any CPU
		{49BB8A5F-9F40-47A5-B7C6-CB997DFE09E5}.Debug|Any CPU.Build.0 = Debug|Any CPU
		{49BB8A5F-9F40-47A5-B7C6-CB997DFE09E5}.Debug|x64.ActiveCfg = Debug|Any CPU
		{49BB8A5F-9F40-47A5-B7C6-CB997DFE09E5}.Debug|x64.Build.0 = Debug|Any CPU
		{49BB8A5F-9F40-47A5-B7C6-CB997DFE09E5}.Debug|x86.ActiveCfg = Debug|Any CPU
		{49BB8A5F-9F40-47A5-B7C6-CB997DFE09E5}.Debug|x86.Build.0 = Debug|Any CPU
		{49BB8A5F-9F40-47A5-B7C6-CB997DFE09E5}.Release|Any CPU.ActiveCfg = Release|Any CPU
		{49BB8A5F-9F40-47A5-B7C6-CB997DFE09E5}.Release|Any CPU.Build.0 = Release|Any CPU
		{49BB8A5F-9F40-47A5-B7C6-CB997DFE09E5}.Release|x64.ActiveCfg = Release|Any CPU
		{49BB8A5F-9F40-47A5-B7C6-CB997DFE09E5}.Release|x64.Build.0 = Release|Any CPU
		{49BB8A5F-9F40-47A5-B7C6-CB997DFE09E5}.Release|x86.ActiveCfg = Release|Any CPU
		{49BB8A5F-9F40-47A5-B7C6-CB997DFE09E5}.Release|x86.Build.0 = Release|Any CPU
		{FD7B9308-A118-44C4-B148-01BCA3A6BA76}.Debug|Any CPU.ActiveCfg = Debug|Any CPU
		{FD7B9308-A118-44C4-B148-01BCA3A6BA76}.Debug|Any CPU.Build.0 = Debug|Any CPU
		{FD7B9308-A118-44C4-B148-01BCA3A6BA76}.Debug|x64.ActiveCfg = Debug|Any CPU
		{FD7B9308-A118-44C4-B148-01BCA3A6BA76}.Debug|x64.Build.0 = Debug|Any CPU
		{FD7B9308-A118-44C4-B148-01BCA3A6BA76}.Debug|x86.ActiveCfg = Debug|Any CPU
		{FD7B9308-A118-44C4-B148-01BCA3A6BA76}.Debug|x86.Build.0 = Debug|Any CPU
		{FD7B9308-A118-44C4-B148-01BCA3A6BA76}.Release|Any CPU.ActiveCfg = Release|Any CPU
		{FD7B9308-A118-44C4-B148-01BCA3A6BA76}.Release|Any CPU.Build.0 = Release|Any CPU
		{FD7B9308-A118-44C4-B148-01BCA3A6BA76}.Release|x64.ActiveCfg = Release|Any CPU
		{FD7B9308-A118-44C4-B148-01BCA3A6BA76}.Release|x64.Build.0 = Release|Any CPU
		{FD7B9308-A118-44C4-B148-01BCA3A6BA76}.Release|x86.ActiveCfg = Release|Any CPU
		{FD7B9308-A118-44C4-B148-01BCA3A6BA76}.Release|x86.Build.0 = Release|Any CPU
		{70B7682E-BD6A-42A0-8BDA-FB71E8AA04F0}.Debug|Any CPU.ActiveCfg = Debug|Any CPU
		{70B7682E-BD6A-42A0-8BDA-FB71E8AA04F0}.Debug|Any CPU.Build.0 = Debug|Any CPU
		{70B7682E-BD6A-42A0-8BDA-FB71E8AA04F0}.Debug|x64.ActiveCfg = Debug|Any CPU
		{70B7682E-BD6A-42A0-8BDA-FB71E8AA04F0}.Debug|x64.Build.0 = Debug|Any CPU
		{70B7682E-BD6A-42A0-8BDA-FB71E8AA04F0}.Debug|x86.ActiveCfg = Debug|Any CPU
		{70B7682E-BD6A-42A0-8BDA-FB71E8AA04F0}.Debug|x86.Build.0 = Debug|Any CPU
		{70B7682E-BD6A-42A0-8BDA-FB71E8AA04F0}.Release|Any CPU.ActiveCfg = Release|Any CPU
		{70B7682E-BD6A-42A0-8BDA-FB71E8AA04F0}.Release|Any CPU.Build.0 = Release|Any CPU
		{70B7682E-BD6A-42A0-8BDA-FB71E8AA04F0}.Release|x64.ActiveCfg = Release|Any CPU
		{70B7682E-BD6A-42A0-8BDA-FB71E8AA04F0}.Release|x64.Build.0 = Release|Any CPU
		{70B7682E-BD6A-42A0-8BDA-FB71E8AA04F0}.Release|x86.ActiveCfg = Release|Any CPU
		{70B7682E-BD6A-42A0-8BDA-FB71E8AA04F0}.Release|x86.Build.0 = Release|Any CPU
		{505A02E0-15C4-45BC-82BD-8F3E0546EE35}.Debug|Any CPU.ActiveCfg = Debug|Any CPU
		{505A02E0-15C4-45BC-82BD-8F3E0546EE35}.Debug|Any CPU.Build.0 = Debug|Any CPU
		{505A02E0-15C4-45BC-82BD-8F3E0546EE35}.Debug|x64.ActiveCfg = Debug|Any CPU
		{505A02E0-15C4-45BC-82BD-8F3E0546EE35}.Debug|x64.Build.0 = Debug|Any CPU
		{505A02E0-15C4-45BC-82BD-8F3E0546EE35}.Debug|x86.ActiveCfg = Debug|Any CPU
		{505A02E0-15C4-45BC-82BD-8F3E0546EE35}.Debug|x86.Build.0 = Debug|Any CPU
		{505A02E0-15C4-45BC-82BD-8F3E0546EE35}.Release|Any CPU.ActiveCfg = Release|Any CPU
		{505A02E0-15C4-45BC-82BD-8F3E0546EE35}.Release|Any CPU.Build.0 = Release|Any CPU
		{505A02E0-15C4-45BC-82BD-8F3E0546EE35}.Release|x64.ActiveCfg = Release|Any CPU
		{505A02E0-15C4-45BC-82BD-8F3E0546EE35}.Release|x64.Build.0 = Release|Any CPU
		{505A02E0-15C4-45BC-82BD-8F3E0546EE35}.Release|x86.ActiveCfg = Release|Any CPU
		{505A02E0-15C4-45BC-82BD-8F3E0546EE35}.Release|x86.Build.0 = Release|Any CPU
		{0D19163B-939B-4FB2-A21B-6CF21080A222}.Debug|Any CPU.ActiveCfg = Debug|Any CPU
		{0D19163B-939B-4FB2-A21B-6CF21080A222}.Debug|Any CPU.Build.0 = Debug|Any CPU
		{0D19163B-939B-4FB2-A21B-6CF21080A222}.Debug|x64.ActiveCfg = Debug|Any CPU
		{0D19163B-939B-4FB2-A21B-6CF21080A222}.Debug|x64.Build.0 = Debug|Any CPU
		{0D19163B-939B-4FB2-A21B-6CF21080A222}.Debug|x86.ActiveCfg = Debug|Any CPU
		{0D19163B-939B-4FB2-A21B-6CF21080A222}.Debug|x86.Build.0 = Debug|Any CPU
		{0D19163B-939B-4FB2-A21B-6CF21080A222}.Release|Any CPU.ActiveCfg = Release|Any CPU
		{0D19163B-939B-4FB2-A21B-6CF21080A222}.Release|Any CPU.Build.0 = Release|Any CPU
		{0D19163B-939B-4FB2-A21B-6CF21080A222}.Release|x64.ActiveCfg = Release|Any CPU
		{0D19163B-939B-4FB2-A21B-6CF21080A222}.Release|x64.Build.0 = Release|Any CPU
		{0D19163B-939B-4FB2-A21B-6CF21080A222}.Release|x86.ActiveCfg = Release|Any CPU
		{0D19163B-939B-4FB2-A21B-6CF21080A222}.Release|x86.Build.0 = Release|Any CPU
		{CB676E82-53A4-4736-874B-74BF246AC87E}.Debug|Any CPU.ActiveCfg = Debug|Any CPU
		{CB676E82-53A4-4736-874B-74BF246AC87E}.Debug|Any CPU.Build.0 = Debug|Any CPU
		{CB676E82-53A4-4736-874B-74BF246AC87E}.Debug|x64.ActiveCfg = Debug|Any CPU
		{CB676E82-53A4-4736-874B-74BF246AC87E}.Debug|x64.Build.0 = Debug|Any CPU
		{CB676E82-53A4-4736-874B-74BF246AC87E}.Debug|x86.ActiveCfg = Debug|Any CPU
		{CB676E82-53A4-4736-874B-74BF246AC87E}.Debug|x86.Build.0 = Debug|Any CPU
		{CB676E82-53A4-4736-874B-74BF246AC87E}.Release|Any CPU.ActiveCfg = Release|Any CPU
		{CB676E82-53A4-4736-874B-74BF246AC87E}.Release|Any CPU.Build.0 = Release|Any CPU
		{CB676E82-53A4-4736-874B-74BF246AC87E}.Release|x64.ActiveCfg = Release|Any CPU
		{CB676E82-53A4-4736-874B-74BF246AC87E}.Release|x64.Build.0 = Release|Any CPU
		{CB676E82-53A4-4736-874B-74BF246AC87E}.Release|x86.ActiveCfg = Release|Any CPU
		{CB676E82-53A4-4736-874B-74BF246AC87E}.Release|x86.Build.0 = Release|Any CPU
		{6F12E4D5-13F3-4BCA-9A3E-9BD9EE8A1294}.Debug|Any CPU.ActiveCfg = Debug|Any CPU
		{6F12E4D5-13F3-4BCA-9A3E-9BD9EE8A1294}.Debug|Any CPU.Build.0 = Debug|Any CPU
		{6F12E4D5-13F3-4BCA-9A3E-9BD9EE8A1294}.Debug|x64.ActiveCfg = Debug|Any CPU
		{6F12E4D5-13F3-4BCA-9A3E-9BD9EE8A1294}.Debug|x64.Build.0 = Debug|Any CPU
		{6F12E4D5-13F3-4BCA-9A3E-9BD9EE8A1294}.Debug|x86.ActiveCfg = Debug|Any CPU
		{6F12E4D5-13F3-4BCA-9A3E-9BD9EE8A1294}.Debug|x86.Build.0 = Debug|Any CPU
		{6F12E4D5-13F3-4BCA-9A3E-9BD9EE8A1294}.Release|Any CPU.ActiveCfg = Release|Any CPU
		{6F12E4D5-13F3-4BCA-9A3E-9BD9EE8A1294}.Release|Any CPU.Build.0 = Release|Any CPU
		{6F12E4D5-13F3-4BCA-9A3E-9BD9EE8A1294}.Release|x64.ActiveCfg = Release|Any CPU
		{6F12E4D5-13F3-4BCA-9A3E-9BD9EE8A1294}.Release|x64.Build.0 = Release|Any CPU
		{6F12E4D5-13F3-4BCA-9A3E-9BD9EE8A1294}.Release|x86.ActiveCfg = Release|Any CPU
		{6F12E4D5-13F3-4BCA-9A3E-9BD9EE8A1294}.Release|x86.Build.0 = Release|Any CPU
		{6AE3186A-7768-471D-BFF2-AEFF2D7187C7}.Debug|Any CPU.ActiveCfg = Debug|Any CPU
		{6AE3186A-7768-471D-BFF2-AEFF2D7187C7}.Debug|Any CPU.Build.0 = Debug|Any CPU
		{6AE3186A-7768-471D-BFF2-AEFF2D7187C7}.Debug|x64.ActiveCfg = Debug|Any CPU
		{6AE3186A-7768-471D-BFF2-AEFF2D7187C7}.Debug|x64.Build.0 = Debug|Any CPU
		{6AE3186A-7768-471D-BFF2-AEFF2D7187C7}.Debug|x86.ActiveCfg = Debug|Any CPU
		{6AE3186A-7768-471D-BFF2-AEFF2D7187C7}.Debug|x86.Build.0 = Debug|Any CPU
		{6AE3186A-7768-471D-BFF2-AEFF2D7187C7}.Release|Any CPU.ActiveCfg = Release|Any CPU
		{6AE3186A-7768-471D-BFF2-AEFF2D7187C7}.Release|Any CPU.Build.0 = Release|Any CPU
		{6AE3186A-7768-471D-BFF2-AEFF2D7187C7}.Release|x64.ActiveCfg = Release|Any CPU
		{6AE3186A-7768-471D-BFF2-AEFF2D7187C7}.Release|x64.Build.0 = Release|Any CPU
		{6AE3186A-7768-471D-BFF2-AEFF2D7187C7}.Release|x86.ActiveCfg = Release|Any CPU
		{6AE3186A-7768-471D-BFF2-AEFF2D7187C7}.Release|x86.Build.0 = Release|Any CPU
		{8B883C97-79CD-49D4-9ADF-B6796D932234}.Debug|Any CPU.ActiveCfg = Debug|Any CPU
		{8B883C97-79CD-49D4-9ADF-B6796D932234}.Debug|Any CPU.Build.0 = Debug|Any CPU
		{8B883C97-79CD-49D4-9ADF-B6796D932234}.Debug|x64.ActiveCfg = Debug|Any CPU
		{8B883C97-79CD-49D4-9ADF-B6796D932234}.Debug|x64.Build.0 = Debug|Any CPU
		{8B883C97-79CD-49D4-9ADF-B6796D932234}.Debug|x86.ActiveCfg = Debug|Any CPU
		{8B883C97-79CD-49D4-9ADF-B6796D932234}.Debug|x86.Build.0 = Debug|Any CPU
		{8B883C97-79CD-49D4-9ADF-B6796D932234}.Release|Any CPU.ActiveCfg = Release|Any CPU
		{8B883C97-79CD-49D4-9ADF-B6796D932234}.Release|Any CPU.Build.0 = Release|Any CPU
		{8B883C97-79CD-49D4-9ADF-B6796D932234}.Release|x64.ActiveCfg = Release|Any CPU
		{8B883C97-79CD-49D4-9ADF-B6796D932234}.Release|x64.Build.0 = Release|Any CPU
		{8B883C97-79CD-49D4-9ADF-B6796D932234}.Release|x86.ActiveCfg = Release|Any CPU
		{8B883C97-79CD-49D4-9ADF-B6796D932234}.Release|x86.Build.0 = Release|Any CPU
		{6B5F28D6-7817-443C-A858-09BDFDD44602}.Debug|Any CPU.ActiveCfg = Debug|Any CPU
		{6B5F28D6-7817-443C-A858-09BDFDD44602}.Debug|Any CPU.Build.0 = Debug|Any CPU
		{6B5F28D6-7817-443C-A858-09BDFDD44602}.Debug|x64.ActiveCfg = Debug|Any CPU
		{6B5F28D6-7817-443C-A858-09BDFDD44602}.Debug|x64.Build.0 = Debug|Any CPU
		{6B5F28D6-7817-443C-A858-09BDFDD44602}.Debug|x86.ActiveCfg = Debug|Any CPU
		{6B5F28D6-7817-443C-A858-09BDFDD44602}.Debug|x86.Build.0 = Debug|Any CPU
		{6B5F28D6-7817-443C-A858-09BDFDD44602}.Release|Any CPU.ActiveCfg = Release|Any CPU
		{6B5F28D6-7817-443C-A858-09BDFDD44602}.Release|Any CPU.Build.0 = Release|Any CPU
		{6B5F28D6-7817-443C-A858-09BDFDD44602}.Release|x64.ActiveCfg = Release|Any CPU
		{6B5F28D6-7817-443C-A858-09BDFDD44602}.Release|x64.Build.0 = Release|Any CPU
		{6B5F28D6-7817-443C-A858-09BDFDD44602}.Release|x86.ActiveCfg = Release|Any CPU
		{6B5F28D6-7817-443C-A858-09BDFDD44602}.Release|x86.Build.0 = Release|Any CPU
		{135FE5BF-F2BF-4407-B835-99205AF097BE}.Debug|Any CPU.ActiveCfg = Debug|Any CPU
		{135FE5BF-F2BF-4407-B835-99205AF097BE}.Debug|Any CPU.Build.0 = Debug|Any CPU
		{135FE5BF-F2BF-4407-B835-99205AF097BE}.Debug|x64.ActiveCfg = Debug|Any CPU
		{135FE5BF-F2BF-4407-B835-99205AF097BE}.Debug|x64.Build.0 = Debug|Any CPU
		{135FE5BF-F2BF-4407-B835-99205AF097BE}.Debug|x86.ActiveCfg = Debug|Any CPU
		{135FE5BF-F2BF-4407-B835-99205AF097BE}.Debug|x86.Build.0 = Debug|Any CPU
		{135FE5BF-F2BF-4407-B835-99205AF097BE}.Release|Any CPU.ActiveCfg = Release|Any CPU
		{135FE5BF-F2BF-4407-B835-99205AF097BE}.Release|Any CPU.Build.0 = Release|Any CPU
		{135FE5BF-F2BF-4407-B835-99205AF097BE}.Release|x64.ActiveCfg = Release|Any CPU
		{135FE5BF-F2BF-4407-B835-99205AF097BE}.Release|x64.Build.0 = Release|Any CPU
		{135FE5BF-F2BF-4407-B835-99205AF097BE}.Release|x86.ActiveCfg = Release|Any CPU
		{135FE5BF-F2BF-4407-B835-99205AF097BE}.Release|x86.Build.0 = Release|Any CPU
		{134DBAA4-7F22-4BC1-B085-088F445C6A35}.Debug|Any CPU.ActiveCfg = Debug|Any CPU
		{134DBAA4-7F22-4BC1-B085-088F445C6A35}.Debug|Any CPU.Build.0 = Debug|Any CPU
		{134DBAA4-7F22-4BC1-B085-088F445C6A35}.Debug|x64.ActiveCfg = Debug|Any CPU
		{134DBAA4-7F22-4BC1-B085-088F445C6A35}.Debug|x64.Build.0 = Debug|Any CPU
		{134DBAA4-7F22-4BC1-B085-088F445C6A35}.Debug|x86.ActiveCfg = Debug|Any CPU
		{134DBAA4-7F22-4BC1-B085-088F445C6A35}.Debug|x86.Build.0 = Debug|Any CPU
		{134DBAA4-7F22-4BC1-B085-088F445C6A35}.Release|Any CPU.ActiveCfg = Release|Any CPU
		{134DBAA4-7F22-4BC1-B085-088F445C6A35}.Release|Any CPU.Build.0 = Release|Any CPU
		{134DBAA4-7F22-4BC1-B085-088F445C6A35}.Release|x64.ActiveCfg = Release|Any CPU
		{134DBAA4-7F22-4BC1-B085-088F445C6A35}.Release|x64.Build.0 = Release|Any CPU
		{134DBAA4-7F22-4BC1-B085-088F445C6A35}.Release|x86.ActiveCfg = Release|Any CPU
		{134DBAA4-7F22-4BC1-B085-088F445C6A35}.Release|x86.Build.0 = Release|Any CPU
		{48A8CF8B-8064-4DD0-9790-EC207FC12C32}.Debug|Any CPU.ActiveCfg = Debug|Any CPU
		{48A8CF8B-8064-4DD0-9790-EC207FC12C32}.Debug|Any CPU.Build.0 = Debug|Any CPU
		{48A8CF8B-8064-4DD0-9790-EC207FC12C32}.Debug|x64.ActiveCfg = Debug|Any CPU
		{48A8CF8B-8064-4DD0-9790-EC207FC12C32}.Debug|x64.Build.0 = Debug|Any CPU
		{48A8CF8B-8064-4DD0-9790-EC207FC12C32}.Debug|x86.ActiveCfg = Debug|Any CPU
		{48A8CF8B-8064-4DD0-9790-EC207FC12C32}.Debug|x86.Build.0 = Debug|Any CPU
		{48A8CF8B-8064-4DD0-9790-EC207FC12C32}.Release|Any CPU.ActiveCfg = Release|Any CPU
		{48A8CF8B-8064-4DD0-9790-EC207FC12C32}.Release|Any CPU.Build.0 = Release|Any CPU
		{48A8CF8B-8064-4DD0-9790-EC207FC12C32}.Release|x64.ActiveCfg = Release|Any CPU
		{48A8CF8B-8064-4DD0-9790-EC207FC12C32}.Release|x64.Build.0 = Release|Any CPU
		{48A8CF8B-8064-4DD0-9790-EC207FC12C32}.Release|x86.ActiveCfg = Release|Any CPU
		{48A8CF8B-8064-4DD0-9790-EC207FC12C32}.Release|x86.Build.0 = Release|Any CPU
		{7DFCAB66-0057-4CCA-9D53-5BFA382A3FE6}.Debug|Any CPU.ActiveCfg = Debug|Any CPU
		{7DFCAB66-0057-4CCA-9D53-5BFA382A3FE6}.Debug|Any CPU.Build.0 = Debug|Any CPU
		{7DFCAB66-0057-4CCA-9D53-5BFA382A3FE6}.Debug|x64.ActiveCfg = Debug|Any CPU
		{7DFCAB66-0057-4CCA-9D53-5BFA382A3FE6}.Debug|x64.Build.0 = Debug|Any CPU
		{7DFCAB66-0057-4CCA-9D53-5BFA382A3FE6}.Debug|x86.ActiveCfg = Debug|Any CPU
		{7DFCAB66-0057-4CCA-9D53-5BFA382A3FE6}.Debug|x86.Build.0 = Debug|Any CPU
		{7DFCAB66-0057-4CCA-9D53-5BFA382A3FE6}.Release|Any CPU.ActiveCfg = Release|Any CPU
		{7DFCAB66-0057-4CCA-9D53-5BFA382A3FE6}.Release|Any CPU.Build.0 = Release|Any CPU
		{7DFCAB66-0057-4CCA-9D53-5BFA382A3FE6}.Release|x64.ActiveCfg = Release|Any CPU
		{7DFCAB66-0057-4CCA-9D53-5BFA382A3FE6}.Release|x64.Build.0 = Release|Any CPU
		{7DFCAB66-0057-4CCA-9D53-5BFA382A3FE6}.Release|x86.ActiveCfg = Release|Any CPU
		{7DFCAB66-0057-4CCA-9D53-5BFA382A3FE6}.Release|x86.Build.0 = Release|Any CPU
		{4ABAE327-8A6D-481F-BA61-39DC5890DBD1}.Debug|Any CPU.ActiveCfg = Debug|Any CPU
		{4ABAE327-8A6D-481F-BA61-39DC5890DBD1}.Debug|Any CPU.Build.0 = Debug|Any CPU
		{4ABAE327-8A6D-481F-BA61-39DC5890DBD1}.Debug|x64.ActiveCfg = Debug|Any CPU
		{4ABAE327-8A6D-481F-BA61-39DC5890DBD1}.Debug|x64.Build.0 = Debug|Any CPU
		{4ABAE327-8A6D-481F-BA61-39DC5890DBD1}.Debug|x86.ActiveCfg = Debug|Any CPU
		{4ABAE327-8A6D-481F-BA61-39DC5890DBD1}.Debug|x86.Build.0 = Debug|Any CPU
		{4ABAE327-8A6D-481F-BA61-39DC5890DBD1}.Release|Any CPU.ActiveCfg = Release|Any CPU
		{4ABAE327-8A6D-481F-BA61-39DC5890DBD1}.Release|Any CPU.Build.0 = Release|Any CPU
		{4ABAE327-8A6D-481F-BA61-39DC5890DBD1}.Release|x64.ActiveCfg = Release|Any CPU
		{4ABAE327-8A6D-481F-BA61-39DC5890DBD1}.Release|x64.Build.0 = Release|Any CPU
		{4ABAE327-8A6D-481F-BA61-39DC5890DBD1}.Release|x86.ActiveCfg = Release|Any CPU
		{4ABAE327-8A6D-481F-BA61-39DC5890DBD1}.Release|x86.Build.0 = Release|Any CPU
		{B28A6A06-7763-46D0-B839-6B4A2C2B7396}.Debug|Any CPU.ActiveCfg = Debug|Any CPU
		{B28A6A06-7763-46D0-B839-6B4A2C2B7396}.Debug|Any CPU.Build.0 = Debug|Any CPU
		{B28A6A06-7763-46D0-B839-6B4A2C2B7396}.Debug|x64.ActiveCfg = Debug|Any CPU
		{B28A6A06-7763-46D0-B839-6B4A2C2B7396}.Debug|x64.Build.0 = Debug|Any CPU
		{B28A6A06-7763-46D0-B839-6B4A2C2B7396}.Debug|x86.ActiveCfg = Debug|Any CPU
		{B28A6A06-7763-46D0-B839-6B4A2C2B7396}.Debug|x86.Build.0 = Debug|Any CPU
		{B28A6A06-7763-46D0-B839-6B4A2C2B7396}.Release|Any CPU.ActiveCfg = Release|Any CPU
		{B28A6A06-7763-46D0-B839-6B4A2C2B7396}.Release|Any CPU.Build.0 = Release|Any CPU
		{B28A6A06-7763-46D0-B839-6B4A2C2B7396}.Release|x64.ActiveCfg = Release|Any CPU
		{B28A6A06-7763-46D0-B839-6B4A2C2B7396}.Release|x64.Build.0 = Release|Any CPU
		{B28A6A06-7763-46D0-B839-6B4A2C2B7396}.Release|x86.ActiveCfg = Release|Any CPU
		{B28A6A06-7763-46D0-B839-6B4A2C2B7396}.Release|x86.Build.0 = Release|Any CPU
		{FDDB45BE-8CF3-482D-987F-0067B9799AEC}.Debug|Any CPU.ActiveCfg = Debug|Any CPU
		{FDDB45BE-8CF3-482D-987F-0067B9799AEC}.Debug|Any CPU.Build.0 = Debug|Any CPU
		{FDDB45BE-8CF3-482D-987F-0067B9799AEC}.Debug|x64.ActiveCfg = Debug|Any CPU
		{FDDB45BE-8CF3-482D-987F-0067B9799AEC}.Debug|x64.Build.0 = Debug|Any CPU
		{FDDB45BE-8CF3-482D-987F-0067B9799AEC}.Debug|x86.ActiveCfg = Debug|Any CPU
		{FDDB45BE-8CF3-482D-987F-0067B9799AEC}.Debug|x86.Build.0 = Debug|Any CPU
		{FDDB45BE-8CF3-482D-987F-0067B9799AEC}.Release|Any CPU.ActiveCfg = Release|Any CPU
		{FDDB45BE-8CF3-482D-987F-0067B9799AEC}.Release|Any CPU.Build.0 = Release|Any CPU
		{FDDB45BE-8CF3-482D-987F-0067B9799AEC}.Release|x64.ActiveCfg = Release|Any CPU
		{FDDB45BE-8CF3-482D-987F-0067B9799AEC}.Release|x64.Build.0 = Release|Any CPU
		{FDDB45BE-8CF3-482D-987F-0067B9799AEC}.Release|x86.ActiveCfg = Release|Any CPU
		{FDDB45BE-8CF3-482D-987F-0067B9799AEC}.Release|x86.Build.0 = Release|Any CPU
		{E35B8954-F4E4-49BF-ACBC-42B4638E75CF}.Debug|Any CPU.ActiveCfg = Debug|Any CPU
		{E35B8954-F4E4-49BF-ACBC-42B4638E75CF}.Debug|Any CPU.Build.0 = Debug|Any CPU
		{E35B8954-F4E4-49BF-ACBC-42B4638E75CF}.Debug|x64.ActiveCfg = Debug|Any CPU
		{E35B8954-F4E4-49BF-ACBC-42B4638E75CF}.Debug|x64.Build.0 = Debug|Any CPU
		{E35B8954-F4E4-49BF-ACBC-42B4638E75CF}.Debug|x86.ActiveCfg = Debug|Any CPU
		{E35B8954-F4E4-49BF-ACBC-42B4638E75CF}.Debug|x86.Build.0 = Debug|Any CPU
		{E35B8954-F4E4-49BF-ACBC-42B4638E75CF}.Release|Any CPU.ActiveCfg = Release|Any CPU
		{E35B8954-F4E4-49BF-ACBC-42B4638E75CF}.Release|Any CPU.Build.0 = Release|Any CPU
		{E35B8954-F4E4-49BF-ACBC-42B4638E75CF}.Release|x64.ActiveCfg = Release|Any CPU
		{E35B8954-F4E4-49BF-ACBC-42B4638E75CF}.Release|x64.Build.0 = Release|Any CPU
		{E35B8954-F4E4-49BF-ACBC-42B4638E75CF}.Release|x86.ActiveCfg = Release|Any CPU
		{E35B8954-F4E4-49BF-ACBC-42B4638E75CF}.Release|x86.Build.0 = Release|Any CPU
		{0C9F2C6C-F616-4125-8B51-8B35246F541E}.Debug|Any CPU.ActiveCfg = Debug|Any CPU
		{0C9F2C6C-F616-4125-8B51-8B35246F541E}.Debug|Any CPU.Build.0 = Debug|Any CPU
		{0C9F2C6C-F616-4125-8B51-8B35246F541E}.Debug|x64.ActiveCfg = Debug|Any CPU
		{0C9F2C6C-F616-4125-8B51-8B35246F541E}.Debug|x64.Build.0 = Debug|Any CPU
		{0C9F2C6C-F616-4125-8B51-8B35246F541E}.Debug|x86.ActiveCfg = Debug|Any CPU
		{0C9F2C6C-F616-4125-8B51-8B35246F541E}.Debug|x86.Build.0 = Debug|Any CPU
		{0C9F2C6C-F616-4125-8B51-8B35246F541E}.Release|Any CPU.ActiveCfg = Release|Any CPU
		{0C9F2C6C-F616-4125-8B51-8B35246F541E}.Release|Any CPU.Build.0 = Release|Any CPU
		{0C9F2C6C-F616-4125-8B51-8B35246F541E}.Release|x64.ActiveCfg = Release|Any CPU
		{0C9F2C6C-F616-4125-8B51-8B35246F541E}.Release|x64.Build.0 = Release|Any CPU
		{0C9F2C6C-F616-4125-8B51-8B35246F541E}.Release|x86.ActiveCfg = Release|Any CPU
		{0C9F2C6C-F616-4125-8B51-8B35246F541E}.Release|x86.Build.0 = Release|Any CPU
		{3E794ED8-BE67-4503-853D-93C8EC22BD28}.Debug|Any CPU.ActiveCfg = Debug|Win32
		{3E794ED8-BE67-4503-853D-93C8EC22BD28}.Debug|x64.ActiveCfg = Debug|x64
		{3E794ED8-BE67-4503-853D-93C8EC22BD28}.Debug|x64.Build.0 = Debug|x64
		{3E794ED8-BE67-4503-853D-93C8EC22BD28}.Debug|x86.ActiveCfg = Debug|Win32
		{3E794ED8-BE67-4503-853D-93C8EC22BD28}.Debug|x86.Build.0 = Debug|Win32
		{3E794ED8-BE67-4503-853D-93C8EC22BD28}.Release|Any CPU.ActiveCfg = Release|Win32
		{3E794ED8-BE67-4503-853D-93C8EC22BD28}.Release|x64.ActiveCfg = Release|x64
		{3E794ED8-BE67-4503-853D-93C8EC22BD28}.Release|x64.Build.0 = Release|x64
		{3E794ED8-BE67-4503-853D-93C8EC22BD28}.Release|x86.ActiveCfg = Release|Win32
		{3E794ED8-BE67-4503-853D-93C8EC22BD28}.Release|x86.Build.0 = Release|Win32
	EndGlobalSection
	GlobalSection(SolutionProperties) = preSolution
		HideSolutionNode = FALSE
	EndGlobalSection
	GlobalSection(NestedProjects) = preSolution
		{56126686-F74E-454C-80D5-8517CC3D1B3C} = {465198AA-96E3-4C1F-AB41-00FB5E569190}
		{E9A7B38F-9B4C-40E8-94E0-C8051765990C} = {465198AA-96E3-4C1F-AB41-00FB5E569190}
		{70B7682E-BD6A-42A0-8BDA-FB71E8AA04F0} = {60954F01-1FB0-48CD-B3AE-35EDE62A86B3}
	EndGlobalSection
	GlobalSection(ExtensibilityGlobals) = postSolution
		SolutionGuid = {E1746E25-25B2-4002-A623-F25A60A8CA8D}
	EndGlobalSection
EndGlobal
